// !$*UTF8*$!
{
	archiveVersion = 1;
	classes = {
	};
	objectVersion = 46;
	objects = {

/* Begin PBXBuildFile section */
		9934FCE7170F823500890A53 /* Background-568h@2x.png in Resources */ = {isa = PBXBuildFile; fileRef = 9934FCE4170F823500890A53 /* Background-568h@2x.png */; };
		9934FCE8170F823500890A53 /* Background.png in Resources */ = {isa = PBXBuildFile; fileRef = 9934FCE5170F823500890A53 /* Background.png */; };
		9934FCE9170F823500890A53 /* Background@2x.png in Resources */ = {isa = PBXBuildFile; fileRef = 9934FCE6170F823500890A53 /* Background@2x.png */; };
		9934FCEC170F837100890A53 /* Background@2x~ipad.png in Resources */ = {isa = PBXBuildFile; fileRef = 9934FCEA170F837100890A53 /* Background@2x~ipad.png */; };
		9934FCED170F837100890A53 /* Background~ipad.png in Resources */ = {isa = PBXBuildFile; fileRef = 9934FCEB170F837100890A53 /* Background~ipad.png */; };
		9934FCF8170F842E00890A53 /* Icon-72.png in Resources */ = {isa = PBXBuildFile; fileRef = 9934FCEE170F842E00890A53 /* Icon-72.png */; };
		9934FCF9170F842E00890A53 /* Icon-72@2x.png in Resources */ = {isa = PBXBuildFile; fileRef = 9934FCEF170F842E00890A53 /* Icon-72@2x.png */; };
		9934FCFA170F842E00890A53 /* Icon-Small-50.png in Resources */ = {isa = PBXBuildFile; fileRef = 9934FCF0170F842E00890A53 /* Icon-Small-50.png */; };
		9934FCFB170F842E00890A53 /* Icon-Small-50@2x.png in Resources */ = {isa = PBXBuildFile; fileRef = 9934FCF1170F842E00890A53 /* Icon-Small-50@2x.png */; };
		9934FCFC170F842E00890A53 /* Icon-Small.png in Resources */ = {isa = PBXBuildFile; fileRef = 9934FCF2170F842E00890A53 /* Icon-Small.png */; };
		9934FCFD170F842E00890A53 /* Icon-Small@2x.png in Resources */ = {isa = PBXBuildFile; fileRef = 9934FCF3170F842E00890A53 /* Icon-Small@2x.png */; };
		9934FCFE170F842E00890A53 /* Icon.png in Resources */ = {isa = PBXBuildFile; fileRef = 9934FCF4170F842E00890A53 /* Icon.png */; };
		9934FCFF170F842E00890A53 /* Icon@2x.png in Resources */ = {isa = PBXBuildFile; fileRef = 9934FCF5170F842E00890A53 /* Icon@2x.png */; };
		9934FD00170F842E00890A53 /* iTunesArtwork.png in Resources */ = {isa = PBXBuildFile; fileRef = 9934FCF6170F842E00890A53 /* iTunesArtwork.png */; };
		9934FD01170F842E00890A53 /* iTunesArtwork@2x.png in Resources */ = {isa = PBXBuildFile; fileRef = 9934FCF7170F842E00890A53 /* iTunesArtwork@2x.png */; };
		999ACD0D1745926100CADEC3 /* Default.png in Resources */ = {isa = PBXBuildFile; fileRef = 999ACD0C1745926100CADEC3 /* Default.png */; };
		999ACD0F1745926500CADEC3 /* Default@2x.png in Resources */ = {isa = PBXBuildFile; fileRef = 999ACD0E1745926500CADEC3 /* Default@2x.png */; };
		999ACD13174593A300CADEC3 /* Default-568h@2x.png in Resources */ = {isa = PBXBuildFile; fileRef = 999ACD12174593A300CADEC3 /* Default-568h@2x.png */; };
		999ACD151745955E00CADEC3 /* Default-Portrait@2x~ipad.png in Resources */ = {isa = PBXBuildFile; fileRef = 999ACD141745955E00CADEC3 /* Default-Portrait@2x~ipad.png */; };
		999ACD171745956400CADEC3 /* Default-Portrait~ipad.png in Resources */ = {isa = PBXBuildFile; fileRef = 999ACD161745956400CADEC3 /* Default-Portrait~ipad.png */; };
		999D32A517108B9B00A9FCB6 /* CoreGraphics.framework in Frameworks */ = {isa = PBXBuildFile; fileRef = 99DDE352168B7B780071241C /* CoreGraphics.framework */; };
		999D32A617108BA100A9FCB6 /* QuartzCore.framework in Frameworks */ = {isa = PBXBuildFile; fileRef = 99DDE3AF168B7E090071241C /* QuartzCore.framework */; };
		999D32A717108BA900A9FCB6 /* Security.framework in Frameworks */ = {isa = PBXBuildFile; fileRef = 99DDE3AD168B7DFE0071241C /* Security.framework */; };
		99A9FA45174479DF00205C32 /* folder.png in Resources */ = {isa = PBXBuildFile; fileRef = 99A9F9D5174479DE00205C32 /* folder.png */; };
		99A9FA46174479DF00205C32 /* folder@2x.png in Resources */ = {isa = PBXBuildFile; fileRef = 99A9F9D6174479DE00205C32 /* folder@2x.png */; };
		99A9FA47174479DF00205C32 /* folder_app.png in Resources */ = {isa = PBXBuildFile; fileRef = 99A9F9D7174479DE00205C32 /* folder_app.png */; };
		99A9FA48174479DF00205C32 /* folder_app@2x.png in Resources */ = {isa = PBXBuildFile; fileRef = 99A9F9D8174479DE00205C32 /* folder_app@2x.png */; };
		99A9FA49174479DF00205C32 /* folder_camera.png in Resources */ = {isa = PBXBuildFile; fileRef = 99A9F9D9174479DE00205C32 /* folder_camera.png */; };
		99A9FA4A174479DF00205C32 /* folder_camera@2x.png in Resources */ = {isa = PBXBuildFile; fileRef = 99A9F9DA174479DE00205C32 /* folder_camera@2x.png */; };
		99A9FA4B174479DF00205C32 /* folder_camera_upload.png in Resources */ = {isa = PBXBuildFile; fileRef = 99A9F9DB174479DE00205C32 /* folder_camera_upload.png */; };
		99A9FA4C174479DF00205C32 /* folder_camera_upload@2x.png in Resources */ = {isa = PBXBuildFile; fileRef = 99A9F9DC174479DE00205C32 /* folder_camera_upload@2x.png */; };
		99A9FA4D174479DF00205C32 /* folder_photos.png in Resources */ = {isa = PBXBuildFile; fileRef = 99A9F9DD174479DE00205C32 /* folder_photos.png */; };
		99A9FA4E174479DF00205C32 /* folder_photos@2x.png in Resources */ = {isa = PBXBuildFile; fileRef = 99A9F9DE174479DE00205C32 /* folder_photos@2x.png */; };
		99A9FA4F174479DF00205C32 /* folder_public.png in Resources */ = {isa = PBXBuildFile; fileRef = 99A9F9DF174479DE00205C32 /* folder_public.png */; };
		99A9FA50174479DF00205C32 /* folder_public@2x.png in Resources */ = {isa = PBXBuildFile; fileRef = 99A9F9E0174479DE00205C32 /* folder_public@2x.png */; };
		99A9FA51174479DF00205C32 /* folder_user.png in Resources */ = {isa = PBXBuildFile; fileRef = 99A9F9E1174479DE00205C32 /* folder_user.png */; };
		99A9FA52174479DF00205C32 /* folder_user@2x.png in Resources */ = {isa = PBXBuildFile; fileRef = 99A9F9E2174479DE00205C32 /* folder_user@2x.png */; };
		99A9FA53174479DF00205C32 /* invite_folder.png in Resources */ = {isa = PBXBuildFile; fileRef = 99A9F9E3174479DE00205C32 /* invite_folder.png */; };
		99A9FA54174479DF00205C32 /* invite_folder@2x.png in Resources */ = {isa = PBXBuildFile; fileRef = 99A9F9E4174479DE00205C32 /* invite_folder@2x.png */; };
		99A9FA55174479DF00205C32 /* keynote.png in Resources */ = {isa = PBXBuildFile; fileRef = 99A9F9E5174479DE00205C32 /* keynote.png */; };
		99A9FA56174479DF00205C32 /* keynote@2x.png in Resources */ = {isa = PBXBuildFile; fileRef = 99A9F9E6174479DE00205C32 /* keynote@2x.png */; };
		99A9FA57174479DF00205C32 /* navBar.png in Resources */ = {isa = PBXBuildFile; fileRef = 99A9F9E7174479DE00205C32 /* navBar.png */; };
		99A9FA58174479DF00205C32 /* navBar@2x.png in Resources */ = {isa = PBXBuildFile; fileRef = 99A9F9E8174479DE00205C32 /* navBar@2x.png */; };
		99A9FA59174479DF00205C32 /* noFiles.png in Resources */ = {isa = PBXBuildFile; fileRef = 99A9F9E9174479DE00205C32 /* noFiles.png */; };
		99A9FA5A174479DF00205C32 /* noFiles@2x.png in Resources */ = {isa = PBXBuildFile; fileRef = 99A9F9EA174479DE00205C32 /* noFiles@2x.png */; };
		99A9FA5B174479DF00205C32 /* numbers.png in Resources */ = {isa = PBXBuildFile; fileRef = 99A9F9EB174479DE00205C32 /* numbers.png */; };
		99A9FA5C174479DF00205C32 /* numbers@2x.png in Resources */ = {isa = PBXBuildFile; fileRef = 99A9F9EC174479DE00205C32 /* numbers@2x.png */; };
		99A9FA5D174479DF00205C32 /* package.png in Resources */ = {isa = PBXBuildFile; fileRef = 99A9F9ED174479DE00205C32 /* package.png */; };
		99A9FA5E174479DF00205C32 /* package@2x.png in Resources */ = {isa = PBXBuildFile; fileRef = 99A9F9EE174479DE00205C32 /* package@2x.png */; };
		99A9FA5F174479DF00205C32 /* page_white.png in Resources */ = {isa = PBXBuildFile; fileRef = 99A9F9EF174479DE00205C32 /* page_white.png */; };
		99A9FA60174479DF00205C32 /* page_white@2x.png in Resources */ = {isa = PBXBuildFile; fileRef = 99A9F9F0174479DE00205C32 /* page_white@2x.png */; };
		99A9FA61174479DF00205C32 /* page_white_acrobat.png in Resources */ = {isa = PBXBuildFile; fileRef = 99A9F9F1174479DE00205C32 /* page_white_acrobat.png */; };
		99A9FA62174479DF00205C32 /* page_white_acrobat@2x.png in Resources */ = {isa = PBXBuildFile; fileRef = 99A9F9F2174479DE00205C32 /* page_white_acrobat@2x.png */; };
		99A9FA63174479DF00205C32 /* page_white_acrobat_import.png in Resources */ = {isa = PBXBuildFile; fileRef = 99A9F9F3174479DE00205C32 /* page_white_acrobat_import.png */; };
		99A9FA64174479DF00205C32 /* page_white_acrobat_import@2x.png in Resources */ = {isa = PBXBuildFile; fileRef = 99A9F9F4174479DE00205C32 /* page_white_acrobat_import@2x.png */; };
		99A9FA65174479DF00205C32 /* page_white_actionscript.png in Resources */ = {isa = PBXBuildFile; fileRef = 99A9F9F5174479DE00205C32 /* page_white_actionscript.png */; };
		99A9FA66174479DF00205C32 /* page_white_actionscript@2x.png in Resources */ = {isa = PBXBuildFile; fileRef = 99A9F9F6174479DE00205C32 /* page_white_actionscript@2x.png */; };
		99A9FA67174479DF00205C32 /* page_white_c.png in Resources */ = {isa = PBXBuildFile; fileRef = 99A9F9F7174479DE00205C32 /* page_white_c.png */; };
		99A9FA68174479DF00205C32 /* page_white_c@2x.png in Resources */ = {isa = PBXBuildFile; fileRef = 99A9F9F8174479DE00205C32 /* page_white_c@2x.png */; };
		99A9FA69174479DF00205C32 /* page_white_code.png in Resources */ = {isa = PBXBuildFile; fileRef = 99A9F9F9174479DE00205C32 /* page_white_code.png */; };
		99A9FA6A174479DF00205C32 /* page_white_code@2x.png in Resources */ = {isa = PBXBuildFile; fileRef = 99A9F9FA174479DE00205C32 /* page_white_code@2x.png */; };
		99A9FA6B174479DF00205C32 /* page_white_compressed.png in Resources */ = {isa = PBXBuildFile; fileRef = 99A9F9FB174479DE00205C32 /* page_white_compressed.png */; };
		99A9FA6C174479DF00205C32 /* page_white_compressed@2x.png in Resources */ = {isa = PBXBuildFile; fileRef = 99A9F9FC174479DE00205C32 /* page_white_compressed@2x.png */; };
		99A9FA6F174479DF00205C32 /* page_white_cplusplus.png in Resources */ = {isa = PBXBuildFile; fileRef = 99A9F9FF174479DE00205C32 /* page_white_cplusplus.png */; };
		99A9FA70174479DF00205C32 /* page_white_cplusplus@2x.png in Resources */ = {isa = PBXBuildFile; fileRef = 99A9FA00174479DE00205C32 /* page_white_cplusplus@2x.png */; };
		99A9FA71174479DF00205C32 /* page_white_csharp.png in Resources */ = {isa = PBXBuildFile; fileRef = 99A9FA01174479DE00205C32 /* page_white_csharp.png */; };
		99A9FA72174479DF00205C32 /* page_white_csharp@2x.png in Resources */ = {isa = PBXBuildFile; fileRef = 99A9FA02174479DE00205C32 /* page_white_csharp@2x.png */; };
		99A9FA73174479DF00205C32 /* page_white_cup.png in Resources */ = {isa = PBXBuildFile; fileRef = 99A9FA03174479DE00205C32 /* page_white_cup.png */; };
		99A9FA74174479DF00205C32 /* page_white_cup@2x.png in Resources */ = {isa = PBXBuildFile; fileRef = 99A9FA04174479DE00205C32 /* page_white_cup@2x.png */; };
		99A9FA75174479DF00205C32 /* page_white_dvd.png in Resources */ = {isa = PBXBuildFile; fileRef = 99A9FA05174479DE00205C32 /* page_white_dvd.png */; };
		99A9FA76174479DF00205C32 /* page_white_dvd@2x.png in Resources */ = {isa = PBXBuildFile; fileRef = 99A9FA06174479DE00205C32 /* page_white_dvd@2x.png */; };
		99A9FA77174479DF00205C32 /* page_white_excel.png in Resources */ = {isa = PBXBuildFile; fileRef = 99A9FA07174479DE00205C32 /* page_white_excel.png */; };
		99A9FA78174479DF00205C32 /* page_white_excel@2x.png in Resources */ = {isa = PBXBuildFile; fileRef = 99A9FA08174479DE00205C32 /* page_white_excel@2x.png */; };
		99A9FA7B174479DF00205C32 /* page_white_film.png in Resources */ = {isa = PBXBuildFile; fileRef = 99A9FA0B174479DE00205C32 /* page_white_film.png */; };
		99A9FA7C174479DF00205C32 /* page_white_film@2x.png in Resources */ = {isa = PBXBuildFile; fileRef = 99A9FA0C174479DE00205C32 /* page_white_film@2x.png */; };
		99A9FA7D174479DF00205C32 /* page_white_flash.png in Resources */ = {isa = PBXBuildFile; fileRef = 99A9FA0D174479DE00205C32 /* page_white_flash.png */; };
		99A9FA7E174479DF00205C32 /* page_white_flash@2x.png in Resources */ = {isa = PBXBuildFile; fileRef = 99A9FA0E174479DE00205C32 /* page_white_flash@2x.png */; };
		99A9FA7F174479DF00205C32 /* page_white_gear.png in Resources */ = {isa = PBXBuildFile; fileRef = 99A9FA0F174479DE00205C32 /* page_white_gear.png */; };
		99A9FA80174479DF00205C32 /* page_white_gear@2x.png in Resources */ = {isa = PBXBuildFile; fileRef = 99A9FA10174479DE00205C32 /* page_white_gear@2x.png */; };
		99A9FA81174479DF00205C32 /* page_white_h.png in Resources */ = {isa = PBXBuildFile; fileRef = 99A9FA11174479DE00205C32 /* page_white_h.png */; };
		99A9FA82174479DF00205C32 /* page_white_h@2x.png in Resources */ = {isa = PBXBuildFile; fileRef = 99A9FA12174479DE00205C32 /* page_white_h@2x.png */; };
		99A9FA83174479DF00205C32 /* page_white_import.png in Resources */ = {isa = PBXBuildFile; fileRef = 99A9FA13174479DE00205C32 /* page_white_import.png */; };
		99A9FA84174479DF00205C32 /* page_white_import@2x.png in Resources */ = {isa = PBXBuildFile; fileRef = 99A9FA14174479DE00205C32 /* page_white_import@2x.png */; };
		99A9FA85174479DF00205C32 /* page_white_jef.png in Resources */ = {isa = PBXBuildFile; fileRef = 99A9FA15174479DE00205C32 /* page_white_jef.png */; };
		99A9FA86174479DF00205C32 /* page_white_jef@2x.png in Resources */ = {isa = PBXBuildFile; fileRef = 99A9FA16174479DE00205C32 /* page_white_jef@2x.png */; };
		99A9FA87174479DF00205C32 /* page_white_js.png in Resources */ = {isa = PBXBuildFile; fileRef = 99A9FA17174479DE00205C32 /* page_white_js.png */; };
		99A9FA88174479DF00205C32 /* page_white_js@2x.png in Resources */ = {isa = PBXBuildFile; fileRef = 99A9FA18174479DE00205C32 /* page_white_js@2x.png */; };
		99A9FA89174479DF00205C32 /* page_white_paint.png in Resources */ = {isa = PBXBuildFile; fileRef = 99A9FA19174479DE00205C32 /* page_white_paint.png */; };
		99A9FA8A174479DF00205C32 /* page_white_paint@2x.png in Resources */ = {isa = PBXBuildFile; fileRef = 99A9FA1A174479DE00205C32 /* page_white_paint@2x.png */; };
		99A9FA8D174479DF00205C32 /* page_white_php.png in Resources */ = {isa = PBXBuildFile; fileRef = 99A9FA1D174479DE00205C32 /* page_white_php.png */; };
		99A9FA8E174479DF00205C32 /* page_white_php@2x.png in Resources */ = {isa = PBXBuildFile; fileRef = 99A9FA1E174479DE00205C32 /* page_white_php@2x.png */; };
		99A9FA8F174479DF00205C32 /* page_white_picture.png in Resources */ = {isa = PBXBuildFile; fileRef = 99A9FA1F174479DE00205C32 /* page_white_picture.png */; };
		99A9FA90174479DF00205C32 /* page_white_picture@2x.png in Resources */ = {isa = PBXBuildFile; fileRef = 99A9FA20174479DE00205C32 /* page_white_picture@2x.png */; };
		99A9FA93174479DF00205C32 /* page_white_powerpoint.png in Resources */ = {isa = PBXBuildFile; fileRef = 99A9FA23174479DE00205C32 /* page_white_powerpoint.png */; };
		99A9FA94174479DF00205C32 /* page_white_powerpoint@2x.png in Resources */ = {isa = PBXBuildFile; fileRef = 99A9FA24174479DE00205C32 /* page_white_powerpoint@2x.png */; };
		99A9FA97174479DF00205C32 /* page_white_ruby.png in Resources */ = {isa = PBXBuildFile; fileRef = 99A9FA27174479DF00205C32 /* page_white_ruby.png */; };
		99A9FA98174479DF00205C32 /* page_white_ruby@2x.png in Resources */ = {isa = PBXBuildFile; fileRef = 99A9FA28174479DF00205C32 /* page_white_ruby@2x.png */; };
		99A9FA99174479DF00205C32 /* page_white_sound.png in Resources */ = {isa = PBXBuildFile; fileRef = 99A9FA29174479DF00205C32 /* page_white_sound.png */; };
		99A9FA9A174479DF00205C32 /* page_white_sound@2x.png in Resources */ = {isa = PBXBuildFile; fileRef = 99A9FA2A174479DF00205C32 /* page_white_sound@2x.png */; };
		99A9FA9B174479DF00205C32 /* page_white_text.png in Resources */ = {isa = PBXBuildFile; fileRef = 99A9FA2B174479DF00205C32 /* page_white_text.png */; };
		99A9FA9C174479DF00205C32 /* page_white_text@2x.png in Resources */ = {isa = PBXBuildFile; fileRef = 99A9FA2C174479DF00205C32 /* page_white_text@2x.png */; };
		99A9FA9F174479DF00205C32 /* page_white_tux.png in Resources */ = {isa = PBXBuildFile; fileRef = 99A9FA2F174479DF00205C32 /* page_white_tux.png */; };
		99A9FAA0174479DF00205C32 /* page_white_tux@2x.png in Resources */ = {isa = PBXBuildFile; fileRef = 99A9FA30174479DF00205C32 /* page_white_tux@2x.png */; };
		99A9FAA1174479DF00205C32 /* page_white_vector.png in Resources */ = {isa = PBXBuildFile; fileRef = 99A9FA31174479DF00205C32 /* page_white_vector.png */; };
		99A9FAA2174479DF00205C32 /* page_white_vector@2x.png in Resources */ = {isa = PBXBuildFile; fileRef = 99A9FA32174479DF00205C32 /* page_white_vector@2x.png */; };
		99A9FAA5174479DF00205C32 /* page_white_visualstudio.png in Resources */ = {isa = PBXBuildFile; fileRef = 99A9FA35174479DF00205C32 /* page_white_visualstudio.png */; };
		99A9FAA6174479DF00205C32 /* page_white_visualstudio@2x.png in Resources */ = {isa = PBXBuildFile; fileRef = 99A9FA36174479DF00205C32 /* page_white_visualstudio@2x.png */; };
		99A9FAA7174479DF00205C32 /* page_white_word.png in Resources */ = {isa = PBXBuildFile; fileRef = 99A9FA37174479DF00205C32 /* page_white_word.png */; };
		99A9FAA8174479DF00205C32 /* page_white_word@2x.png in Resources */ = {isa = PBXBuildFile; fileRef = 99A9FA38174479DF00205C32 /* page_white_word@2x.png */; };
		99A9FAAB174479DF00205C32 /* pages.png in Resources */ = {isa = PBXBuildFile; fileRef = 99A9FA3B174479DF00205C32 /* pages.png */; };
		99A9FAAC174479DF00205C32 /* pages@2x.png in Resources */ = {isa = PBXBuildFile; fileRef = 99A9FA3C174479DF00205C32 /* pages@2x.png */; };
		99DDE34F168B7B780071241C /* UIKit.framework in Frameworks */ = {isa = PBXBuildFile; fileRef = 99DDE34E168B7B780071241C /* UIKit.framework */; };
		99DDE351168B7B780071241C /* Foundation.framework in Frameworks */ = {isa = PBXBuildFile; fileRef = 99DDE350168B7B780071241C /* Foundation.framework */; };
		99DDE359168B7B780071241C /* InfoPlist.strings in Resources */ = {isa = PBXBuildFile; fileRef = 99DDE357168B7B780071241C /* InfoPlist.strings */; };
		99DDE35B168B7B780071241C /* main.m in Sources */ = {isa = PBXBuildFile; fileRef = 99DDE35A168B7B780071241C /* main.m */; };
		99DDE35F168B7B780071241C /* DBBAppDelegate.m in Sources */ = {isa = PBXBuildFile; fileRef = 99DDE35E168B7B780071241C /* DBBAppDelegate.m */; };
		99DDE368168B7B780071241C /* MainStoryboard_iPhone.storyboard in Resources */ = {isa = PBXBuildFile; fileRef = 99DDE366168B7B780071241C /* MainStoryboard_iPhone.storyboard */; };
		99DDE36B168B7B780071241C /* MainStoryboard_iPad.storyboard in Resources */ = {isa = PBXBuildFile; fileRef = 99DDE369168B7B780071241C /* MainStoryboard_iPad.storyboard */; };
		99DDE36E168B7B780071241C /* DBBViewController.m in Sources */ = {isa = PBXBuildFile; fileRef = 99DDE36D168B7B780071241C /* DBBViewController.m */; };
		99DDE376168B7B780071241C /* SenTestingKit.framework in Frameworks */ = {isa = PBXBuildFile; fileRef = 99DDE375168B7B780071241C /* SenTestingKit.framework */; };
		99DDE377168B7B780071241C /* UIKit.framework in Frameworks */ = {isa = PBXBuildFile; fileRef = 99DDE34E168B7B780071241C /* UIKit.framework */; };
		99DDE378168B7B780071241C /* Foundation.framework in Frameworks */ = {isa = PBXBuildFile; fileRef = 99DDE350168B7B780071241C /* Foundation.framework */; };
		99DDE380168B7B780071241C /* InfoPlist.strings in Resources */ = {isa = PBXBuildFile; fileRef = 99DDE37E168B7B780071241C /* InfoPlist.strings */; };
		99DDE383168B7B780071241C /* DropboxBrowserTests.m in Sources */ = {isa = PBXBuildFile; fileRef = 99DDE382168B7B780071241C /* DropboxBrowserTests.m */; };
		99DDE3A9168B7C190071241C /* DropboxBrowserViewController.m in Sources */ = {isa = PBXBuildFile; fileRef = 99DDE39B168B7C190071241C /* DropboxBrowserViewController.m */; };
		99DDE3AC168B7CC60071241C /* DropboxSDK.framework in Frameworks */ = {isa = PBXBuildFile; fileRef = 99DDE3AB168B7CC60071241C /* DropboxSDK.framework */; };
		99DDE3B2168B83D70071241C /* AssetsLibrary.framework in Frameworks */ = {isa = PBXBuildFile; fileRef = 99DDE3B1168B83D70071241C /* AssetsLibrary.framework */; };
		99DDE3B5168B8E340071241C /* MBProgressHUD.m in Sources */ = {isa = PBXBuildFile; fileRef = 99DDE3B4168B8E340071241C /* MBProgressHUD.m */; };
/* End PBXBuildFile section */

/* Begin PBXContainerItemProxy section */
		99DDE379168B7B780071241C /* PBXContainerItemProxy */ = {
			isa = PBXContainerItemProxy;
			containerPortal = 99DDE343168B7B780071241C /* Project object */;
			proxyType = 1;
			remoteGlobalIDString = 99DDE34A168B7B780071241C;
			remoteInfo = DropboxBrowser;
		};
/* End PBXContainerItemProxy section */

/* Begin PBXFileReference section */
		9934FCE4170F823500890A53 /* Background-568h@2x.png */ = {isa = PBXFileReference; lastKnownFileType = image.png; name = "Background-568h@2x.png"; path = "Graphics/Background-568h@2x.png"; sourceTree = SOURCE_ROOT; };
		9934FCE5170F823500890A53 /* Background.png */ = {isa = PBXFileReference; lastKnownFileType = image.png; name = Background.png; path = Graphics/Background.png; sourceTree = SOURCE_ROOT; };
		9934FCE6170F823500890A53 /* Background@2x.png */ = {isa = PBXFileReference; lastKnownFileType = image.png; name = "Background@2x.png"; path = "Graphics/Background@2x.png"; sourceTree = SOURCE_ROOT; };
		9934FCEA170F837100890A53 /* Background@2x~ipad.png */ = {isa = PBXFileReference; lastKnownFileType = image.png; name = "Background@2x~ipad.png"; path = "Graphics/Background@2x~ipad.png"; sourceTree = SOURCE_ROOT; };
		9934FCEB170F837100890A53 /* Background~ipad.png */ = {isa = PBXFileReference; lastKnownFileType = image.png; name = "Background~ipad.png"; path = "Graphics/Background~ipad.png"; sourceTree = SOURCE_ROOT; };
		9934FCEE170F842E00890A53 /* Icon-72.png */ = {isa = PBXFileReference; lastKnownFileType = image.png; path = "Icon-72.png"; sourceTree = "<group>"; };
		9934FCEF170F842E00890A53 /* Icon-72@2x.png */ = {isa = PBXFileReference; lastKnownFileType = image.png; path = "Icon-72@2x.png"; sourceTree = "<group>"; };
		9934FCF0170F842E00890A53 /* Icon-Small-50.png */ = {isa = PBXFileReference; lastKnownFileType = image.png; path = "Icon-Small-50.png"; sourceTree = "<group>"; };
		9934FCF1170F842E00890A53 /* Icon-Small-50@2x.png */ = {isa = PBXFileReference; lastKnownFileType = image.png; path = "Icon-Small-50@2x.png"; sourceTree = "<group>"; };
		9934FCF2170F842E00890A53 /* Icon-Small.png */ = {isa = PBXFileReference; lastKnownFileType = image.png; path = "Icon-Small.png"; sourceTree = "<group>"; };
		9934FCF3170F842E00890A53 /* Icon-Small@2x.png */ = {isa = PBXFileReference; lastKnownFileType = image.png; path = "Icon-Small@2x.png"; sourceTree = "<group>"; };
		9934FCF4170F842E00890A53 /* Icon.png */ = {isa = PBXFileReference; lastKnownFileType = image.png; path = Icon.png; sourceTree = "<group>"; };
		9934FCF5170F842E00890A53 /* Icon@2x.png */ = {isa = PBXFileReference; lastKnownFileType = image.png; path = "Icon@2x.png"; sourceTree = "<group>"; };
		9934FCF6170F842E00890A53 /* iTunesArtwork.png */ = {isa = PBXFileReference; lastKnownFileType = image.png; path = iTunesArtwork.png; sourceTree = "<group>"; };
		9934FCF7170F842E00890A53 /* iTunesArtwork@2x.png */ = {isa = PBXFileReference; lastKnownFileType = image.png; path = "iTunesArtwork@2x.png"; sourceTree = "<group>"; };
		999ACD0C1745926100CADEC3 /* Default.png */ = {isa = PBXFileReference; lastKnownFileType = image.png; path = Default.png; sourceTree = "<group>"; };
		999ACD0E1745926500CADEC3 /* Default@2x.png */ = {isa = PBXFileReference; lastKnownFileType = image.png; path = "Default@2x.png"; sourceTree = "<group>"; };
		999ACD12174593A300CADEC3 /* Default-568h@2x.png */ = {isa = PBXFileReference; lastKnownFileType = image.png; path = "Default-568h@2x.png"; sourceTree = "<group>"; };
		999ACD141745955E00CADEC3 /* Default-Portrait@2x~ipad.png */ = {isa = PBXFileReference; lastKnownFileType = image.png; path = "Default-Portrait@2x~ipad.png"; sourceTree = "<group>"; };
		999ACD161745956400CADEC3 /* Default-Portrait~ipad.png */ = {isa = PBXFileReference; lastKnownFileType = image.png; path = "Default-Portrait~ipad.png"; sourceTree = "<group>"; };
		99A9F9D5174479DE00205C32 /* folder.png */ = {isa = PBXFileReference; lastKnownFileType = image.png; path = folder.png; sourceTree = "<group>"; };
		99A9F9D6174479DE00205C32 /* folder@2x.png */ = {isa = PBXFileReference; lastKnownFileType = image.png; path = "folder@2x.png"; sourceTree = "<group>"; };
		99A9F9D7174479DE00205C32 /* folder_app.png */ = {isa = PBXFileReference; lastKnownFileType = image.png; path = folder_app.png; sourceTree = "<group>"; };
		99A9F9D8174479DE00205C32 /* folder_app@2x.png */ = {isa = PBXFileReference; lastKnownFileType = image.png; path = "folder_app@2x.png"; sourceTree = "<group>"; };
		99A9F9D9174479DE00205C32 /* folder_camera.png */ = {isa = PBXFileReference; lastKnownFileType = image.png; path = folder_camera.png; sourceTree = "<group>"; };
		99A9F9DA174479DE00205C32 /* folder_camera@2x.png */ = {isa = PBXFileReference; lastKnownFileType = image.png; path = "folder_camera@2x.png"; sourceTree = "<group>"; };
		99A9F9DB174479DE00205C32 /* folder_camera_upload.png */ = {isa = PBXFileReference; lastKnownFileType = image.png; path = folder_camera_upload.png; sourceTree = "<group>"; };
		99A9F9DC174479DE00205C32 /* folder_camera_upload@2x.png */ = {isa = PBXFileReference; lastKnownFileType = image.png; path = "folder_camera_upload@2x.png"; sourceTree = "<group>"; };
		99A9F9DD174479DE00205C32 /* folder_photos.png */ = {isa = PBXFileReference; lastKnownFileType = image.png; path = folder_photos.png; sourceTree = "<group>"; };
		99A9F9DE174479DE00205C32 /* folder_photos@2x.png */ = {isa = PBXFileReference; lastKnownFileType = image.png; path = "folder_photos@2x.png"; sourceTree = "<group>"; };
		99A9F9DF174479DE00205C32 /* folder_public.png */ = {isa = PBXFileReference; lastKnownFileType = image.png; path = folder_public.png; sourceTree = "<group>"; };
		99A9F9E0174479DE00205C32 /* folder_public@2x.png */ = {isa = PBXFileReference; lastKnownFileType = image.png; path = "folder_public@2x.png"; sourceTree = "<group>"; };
		99A9F9E1174479DE00205C32 /* folder_user.png */ = {isa = PBXFileReference; lastKnownFileType = image.png; path = folder_user.png; sourceTree = "<group>"; };
		99A9F9E2174479DE00205C32 /* folder_user@2x.png */ = {isa = PBXFileReference; lastKnownFileType = image.png; path = "folder_user@2x.png"; sourceTree = "<group>"; };
		99A9F9E3174479DE00205C32 /* invite_folder.png */ = {isa = PBXFileReference; lastKnownFileType = image.png; path = invite_folder.png; sourceTree = "<group>"; };
		99A9F9E4174479DE00205C32 /* invite_folder@2x.png */ = {isa = PBXFileReference; lastKnownFileType = image.png; path = "invite_folder@2x.png"; sourceTree = "<group>"; };
		99A9F9E5174479DE00205C32 /* keynote.png */ = {isa = PBXFileReference; lastKnownFileType = image.png; path = keynote.png; sourceTree = "<group>"; };
		99A9F9E6174479DE00205C32 /* keynote@2x.png */ = {isa = PBXFileReference; lastKnownFileType = image.png; path = "keynote@2x.png"; sourceTree = "<group>"; };
		99A9F9E7174479DE00205C32 /* navBar.png */ = {isa = PBXFileReference; lastKnownFileType = image.png; path = navBar.png; sourceTree = "<group>"; };
		99A9F9E8174479DE00205C32 /* navBar@2x.png */ = {isa = PBXFileReference; lastKnownFileType = image.png; path = "navBar@2x.png"; sourceTree = "<group>"; };
		99A9F9E9174479DE00205C32 /* noFiles.png */ = {isa = PBXFileReference; lastKnownFileType = image.png; path = noFiles.png; sourceTree = "<group>"; };
		99A9F9EA174479DE00205C32 /* noFiles@2x.png */ = {isa = PBXFileReference; lastKnownFileType = image.png; path = "noFiles@2x.png"; sourceTree = "<group>"; };
		99A9F9EB174479DE00205C32 /* numbers.png */ = {isa = PBXFileReference; lastKnownFileType = image.png; path = numbers.png; sourceTree = "<group>"; };
		99A9F9EC174479DE00205C32 /* numbers@2x.png */ = {isa = PBXFileReference; lastKnownFileType = image.png; path = "numbers@2x.png"; sourceTree = "<group>"; };
		99A9F9ED174479DE00205C32 /* package.png */ = {isa = PBXFileReference; lastKnownFileType = image.png; path = package.png; sourceTree = "<group>"; };
		99A9F9EE174479DE00205C32 /* package@2x.png */ = {isa = PBXFileReference; lastKnownFileType = image.png; path = "package@2x.png"; sourceTree = "<group>"; };
		99A9F9EF174479DE00205C32 /* page_white.png */ = {isa = PBXFileReference; lastKnownFileType = image.png; path = page_white.png; sourceTree = "<group>"; };
		99A9F9F0174479DE00205C32 /* page_white@2x.png */ = {isa = PBXFileReference; lastKnownFileType = image.png; path = "page_white@2x.png"; sourceTree = "<group>"; };
		99A9F9F1174479DE00205C32 /* page_white_acrobat.png */ = {isa = PBXFileReference; lastKnownFileType = image.png; path = page_white_acrobat.png; sourceTree = "<group>"; };
		99A9F9F2174479DE00205C32 /* page_white_acrobat@2x.png */ = {isa = PBXFileReference; lastKnownFileType = image.png; path = "page_white_acrobat@2x.png"; sourceTree = "<group>"; };
		99A9F9F3174479DE00205C32 /* page_white_acrobat_import.png */ = {isa = PBXFileReference; lastKnownFileType = image.png; path = page_white_acrobat_import.png; sourceTree = "<group>"; };
		99A9F9F4174479DE00205C32 /* page_white_acrobat_import@2x.png */ = {isa = PBXFileReference; lastKnownFileType = image.png; path = "page_white_acrobat_import@2x.png"; sourceTree = "<group>"; };
		99A9F9F5174479DE00205C32 /* page_white_actionscript.png */ = {isa = PBXFileReference; lastKnownFileType = image.png; path = page_white_actionscript.png; sourceTree = "<group>"; };
		99A9F9F6174479DE00205C32 /* page_white_actionscript@2x.png */ = {isa = PBXFileReference; lastKnownFileType = image.png; path = "page_white_actionscript@2x.png"; sourceTree = "<group>"; };
		99A9F9F7174479DE00205C32 /* page_white_c.png */ = {isa = PBXFileReference; lastKnownFileType = image.png; path = page_white_c.png; sourceTree = "<group>"; };
		99A9F9F8174479DE00205C32 /* page_white_c@2x.png */ = {isa = PBXFileReference; lastKnownFileType = image.png; path = "page_white_c@2x.png"; sourceTree = "<group>"; };
		99A9F9F9174479DE00205C32 /* page_white_code.png */ = {isa = PBXFileReference; lastKnownFileType = image.png; path = page_white_code.png; sourceTree = "<group>"; };
		99A9F9FA174479DE00205C32 /* page_white_code@2x.png */ = {isa = PBXFileReference; lastKnownFileType = image.png; path = "page_white_code@2x.png"; sourceTree = "<group>"; };
		99A9F9FB174479DE00205C32 /* page_white_compressed.png */ = {isa = PBXFileReference; lastKnownFileType = image.png; path = page_white_compressed.png; sourceTree = "<group>"; };
		99A9F9FC174479DE00205C32 /* page_white_compressed@2x.png */ = {isa = PBXFileReference; lastKnownFileType = image.png; path = "page_white_compressed@2x.png"; sourceTree = "<group>"; };
		99A9F9FF174479DE00205C32 /* page_white_cplusplus.png */ = {isa = PBXFileReference; lastKnownFileType = image.png; path = page_white_cplusplus.png; sourceTree = "<group>"; };
		99A9FA00174479DE00205C32 /* page_white_cplusplus@2x.png */ = {isa = PBXFileReference; lastKnownFileType = image.png; path = "page_white_cplusplus@2x.png"; sourceTree = "<group>"; };
		99A9FA01174479DE00205C32 /* page_white_csharp.png */ = {isa = PBXFileReference; lastKnownFileType = image.png; path = page_white_csharp.png; sourceTree = "<group>"; };
		99A9FA02174479DE00205C32 /* page_white_csharp@2x.png */ = {isa = PBXFileReference; lastKnownFileType = image.png; path = "page_white_csharp@2x.png"; sourceTree = "<group>"; };
		99A9FA03174479DE00205C32 /* page_white_cup.png */ = {isa = PBXFileReference; lastKnownFileType = image.png; path = page_white_cup.png; sourceTree = "<group>"; };
		99A9FA04174479DE00205C32 /* page_white_cup@2x.png */ = {isa = PBXFileReference; lastKnownFileType = image.png; path = "page_white_cup@2x.png"; sourceTree = "<group>"; };
		99A9FA05174479DE00205C32 /* page_white_dvd.png */ = {isa = PBXFileReference; lastKnownFileType = image.png; path = page_white_dvd.png; sourceTree = "<group>"; };
		99A9FA06174479DE00205C32 /* page_white_dvd@2x.png */ = {isa = PBXFileReference; lastKnownFileType = image.png; path = "page_white_dvd@2x.png"; sourceTree = "<group>"; };
		99A9FA07174479DE00205C32 /* page_white_excel.png */ = {isa = PBXFileReference; lastKnownFileType = image.png; path = page_white_excel.png; sourceTree = "<group>"; };
		99A9FA08174479DE00205C32 /* page_white_excel@2x.png */ = {isa = PBXFileReference; lastKnownFileType = image.png; path = "page_white_excel@2x.png"; sourceTree = "<group>"; };
		99A9FA0B174479DE00205C32 /* page_white_film.png */ = {isa = PBXFileReference; lastKnownFileType = image.png; path = page_white_film.png; sourceTree = "<group>"; };
		99A9FA0C174479DE00205C32 /* page_white_film@2x.png */ = {isa = PBXFileReference; lastKnownFileType = image.png; path = "page_white_film@2x.png"; sourceTree = "<group>"; };
		99A9FA0D174479DE00205C32 /* page_white_flash.png */ = {isa = PBXFileReference; lastKnownFileType = image.png; path = page_white_flash.png; sourceTree = "<group>"; };
		99A9FA0E174479DE00205C32 /* page_white_flash@2x.png */ = {isa = PBXFileReference; lastKnownFileType = image.png; path = "page_white_flash@2x.png"; sourceTree = "<group>"; };
		99A9FA0F174479DE00205C32 /* page_white_gear.png */ = {isa = PBXFileReference; lastKnownFileType = image.png; path = page_white_gear.png; sourceTree = "<group>"; };
		99A9FA10174479DE00205C32 /* page_white_gear@2x.png */ = {isa = PBXFileReference; lastKnownFileType = image.png; path = "page_white_gear@2x.png"; sourceTree = "<group>"; };
		99A9FA11174479DE00205C32 /* page_white_h.png */ = {isa = PBXFileReference; lastKnownFileType = image.png; path = page_white_h.png; sourceTree = "<group>"; };
		99A9FA12174479DE00205C32 /* page_white_h@2x.png */ = {isa = PBXFileReference; lastKnownFileType = image.png; path = "page_white_h@2x.png"; sourceTree = "<group>"; };
		99A9FA13174479DE00205C32 /* page_white_import.png */ = {isa = PBXFileReference; lastKnownFileType = image.png; path = page_white_import.png; sourceTree = "<group>"; };
		99A9FA14174479DE00205C32 /* page_white_import@2x.png */ = {isa = PBXFileReference; lastKnownFileType = image.png; path = "page_white_import@2x.png"; sourceTree = "<group>"; };
		99A9FA15174479DE00205C32 /* page_white_jef.png */ = {isa = PBXFileReference; lastKnownFileType = image.png; path = page_white_jef.png; sourceTree = "<group>"; };
		99A9FA16174479DE00205C32 /* page_white_jef@2x.png */ = {isa = PBXFileReference; lastKnownFileType = image.png; path = "page_white_jef@2x.png"; sourceTree = "<group>"; };
		99A9FA17174479DE00205C32 /* page_white_js.png */ = {isa = PBXFileReference; lastKnownFileType = image.png; path = page_white_js.png; sourceTree = "<group>"; };
		99A9FA18174479DE00205C32 /* page_white_js@2x.png */ = {isa = PBXFileReference; lastKnownFileType = image.png; path = "page_white_js@2x.png"; sourceTree = "<group>"; };
		99A9FA19174479DE00205C32 /* page_white_paint.png */ = {isa = PBXFileReference; lastKnownFileType = image.png; path = page_white_paint.png; sourceTree = "<group>"; };
		99A9FA1A174479DE00205C32 /* page_white_paint@2x.png */ = {isa = PBXFileReference; lastKnownFileType = image.png; path = "page_white_paint@2x.png"; sourceTree = "<group>"; };
		99A9FA1D174479DE00205C32 /* page_white_php.png */ = {isa = PBXFileReference; lastKnownFileType = image.png; path = page_white_php.png; sourceTree = "<group>"; };
		99A9FA1E174479DE00205C32 /* page_white_php@2x.png */ = {isa = PBXFileReference; lastKnownFileType = image.png; path = "page_white_php@2x.png"; sourceTree = "<group>"; };
		99A9FA1F174479DE00205C32 /* page_white_picture.png */ = {isa = PBXFileReference; lastKnownFileType = image.png; path = page_white_picture.png; sourceTree = "<group>"; };
		99A9FA20174479DE00205C32 /* page_white_picture@2x.png */ = {isa = PBXFileReference; lastKnownFileType = image.png; path = "page_white_picture@2x.png"; sourceTree = "<group>"; };
		99A9FA23174479DE00205C32 /* page_white_powerpoint.png */ = {isa = PBXFileReference; lastKnownFileType = image.png; path = page_white_powerpoint.png; sourceTree = "<group>"; };
		99A9FA24174479DE00205C32 /* page_white_powerpoint@2x.png */ = {isa = PBXFileReference; lastKnownFileType = image.png; path = "page_white_powerpoint@2x.png"; sourceTree = "<group>"; };
		99A9FA27174479DF00205C32 /* page_white_ruby.png */ = {isa = PBXFileReference; lastKnownFileType = image.png; path = page_white_ruby.png; sourceTree = "<group>"; };
		99A9FA28174479DF00205C32 /* page_white_ruby@2x.png */ = {isa = PBXFileReference; lastKnownFileType = image.png; path = "page_white_ruby@2x.png"; sourceTree = "<group>"; };
		99A9FA29174479DF00205C32 /* page_white_sound.png */ = {isa = PBXFileReference; lastKnownFileType = image.png; path = page_white_sound.png; sourceTree = "<group>"; };
		99A9FA2A174479DF00205C32 /* page_white_sound@2x.png */ = {isa = PBXFileReference; lastKnownFileType = image.png; path = "page_white_sound@2x.png"; sourceTree = "<group>"; };
		99A9FA2B174479DF00205C32 /* page_white_text.png */ = {isa = PBXFileReference; lastKnownFileType = image.png; path = page_white_text.png; sourceTree = "<group>"; };
		99A9FA2C174479DF00205C32 /* page_white_text@2x.png */ = {isa = PBXFileReference; lastKnownFileType = image.png; path = "page_white_text@2x.png"; sourceTree = "<group>"; };
		99A9FA2F174479DF00205C32 /* page_white_tux.png */ = {isa = PBXFileReference; lastKnownFileType = image.png; path = page_white_tux.png; sourceTree = "<group>"; };
		99A9FA30174479DF00205C32 /* page_white_tux@2x.png */ = {isa = PBXFileReference; lastKnownFileType = image.png; path = "page_white_tux@2x.png"; sourceTree = "<group>"; };
		99A9FA31174479DF00205C32 /* page_white_vector.png */ = {isa = PBXFileReference; lastKnownFileType = image.png; path = page_white_vector.png; sourceTree = "<group>"; };
		99A9FA32174479DF00205C32 /* page_white_vector@2x.png */ = {isa = PBXFileReference; lastKnownFileType = image.png; path = "page_white_vector@2x.png"; sourceTree = "<group>"; };
		99A9FA35174479DF00205C32 /* page_white_visualstudio.png */ = {isa = PBXFileReference; lastKnownFileType = image.png; path = page_white_visualstudio.png; sourceTree = "<group>"; };
		99A9FA36174479DF00205C32 /* page_white_visualstudio@2x.png */ = {isa = PBXFileReference; lastKnownFileType = image.png; path = "page_white_visualstudio@2x.png"; sourceTree = "<group>"; };
		99A9FA37174479DF00205C32 /* page_white_word.png */ = {isa = PBXFileReference; lastKnownFileType = image.png; path = page_white_word.png; sourceTree = "<group>"; };
		99A9FA38174479DF00205C32 /* page_white_word@2x.png */ = {isa = PBXFileReference; lastKnownFileType = image.png; path = "page_white_word@2x.png"; sourceTree = "<group>"; };
		99A9FA3B174479DF00205C32 /* pages.png */ = {isa = PBXFileReference; lastKnownFileType = image.png; path = pages.png; sourceTree = "<group>"; };
		99A9FA3C174479DF00205C32 /* pages@2x.png */ = {isa = PBXFileReference; lastKnownFileType = image.png; path = "pages@2x.png"; sourceTree = "<group>"; };
		99DDE34B168B7B780071241C /* DropboxBrowser.app */ = {isa = PBXFileReference; explicitFileType = wrapper.application; includeInIndex = 0; path = DropboxBrowser.app; sourceTree = BUILT_PRODUCTS_DIR; };
		99DDE34E168B7B780071241C /* UIKit.framework */ = {isa = PBXFileReference; lastKnownFileType = wrapper.framework; name = UIKit.framework; path = System/Library/Frameworks/UIKit.framework; sourceTree = SDKROOT; };
		99DDE350168B7B780071241C /* Foundation.framework */ = {isa = PBXFileReference; lastKnownFileType = wrapper.framework; name = Foundation.framework; path = System/Library/Frameworks/Foundation.framework; sourceTree = SDKROOT; };
		99DDE352168B7B780071241C /* CoreGraphics.framework */ = {isa = PBXFileReference; lastKnownFileType = wrapper.framework; name = CoreGraphics.framework; path = System/Library/Frameworks/CoreGraphics.framework; sourceTree = SDKROOT; };
		99DDE356168B7B780071241C /* DropboxBrowser-Info.plist */ = {isa = PBXFileReference; lastKnownFileType = text.plist.xml; path = "DropboxBrowser-Info.plist"; sourceTree = "<group>"; };
		99DDE358168B7B780071241C /* en */ = {isa = PBXFileReference; lastKnownFileType = text.plist.strings; name = en; path = en.lproj/InfoPlist.strings; sourceTree = "<group>"; };
		99DDE35A168B7B780071241C /* main.m */ = {isa = PBXFileReference; lastKnownFileType = sourcecode.c.objc; path = main.m; sourceTree = "<group>"; };
		99DDE35C168B7B780071241C /* DropboxBrowser-Prefix.pch */ = {isa = PBXFileReference; lastKnownFileType = sourcecode.c.h; path = "DropboxBrowser-Prefix.pch"; sourceTree = "<group>"; };
		99DDE35D168B7B780071241C /* DBBAppDelegate.h */ = {isa = PBXFileReference; lastKnownFileType = sourcecode.c.h; path = DBBAppDelegate.h; sourceTree = "<group>"; };
		99DDE35E168B7B780071241C /* DBBAppDelegate.m */ = {isa = PBXFileReference; lastKnownFileType = sourcecode.c.objc; path = DBBAppDelegate.m; sourceTree = "<group>"; };
		99DDE360168B7B780071241C /* Default.png */ = {isa = PBXFileReference; lastKnownFileType = image.png; path = Default.png; sourceTree = "<group>"; };
		99DDE362168B7B780071241C /* Default@2x.png */ = {isa = PBXFileReference; lastKnownFileType = image.png; path = "Default@2x.png"; sourceTree = "<group>"; };
		99DDE364168B7B780071241C /* Default-568h@2x.png */ = {isa = PBXFileReference; lastKnownFileType = image.png; path = "Default-568h@2x.png"; sourceTree = "<group>"; };
		99DDE367168B7B780071241C /* en */ = {isa = PBXFileReference; lastKnownFileType = file.storyboard; name = en; path = en.lproj/MainStoryboard_iPhone.storyboard; sourceTree = "<group>"; };
		99DDE36A168B7B780071241C /* en */ = {isa = PBXFileReference; lastKnownFileType = file.storyboard; name = en; path = en.lproj/MainStoryboard_iPad.storyboard; sourceTree = "<group>"; };
		99DDE36C168B7B780071241C /* DBBViewController.h */ = {isa = PBXFileReference; lastKnownFileType = sourcecode.c.h; path = DBBViewController.h; sourceTree = "<group>"; };
		99DDE36D168B7B780071241C /* DBBViewController.m */ = {isa = PBXFileReference; lastKnownFileType = sourcecode.c.objc; path = DBBViewController.m; sourceTree = "<group>"; };
		99DDE374168B7B780071241C /* DropboxBrowserTests.octest */ = {isa = PBXFileReference; explicitFileType = wrapper.cfbundle; includeInIndex = 0; path = DropboxBrowserTests.octest; sourceTree = BUILT_PRODUCTS_DIR; };
		99DDE375168B7B780071241C /* SenTestingKit.framework */ = {isa = PBXFileReference; lastKnownFileType = wrapper.framework; name = SenTestingKit.framework; path = Library/Frameworks/SenTestingKit.framework; sourceTree = DEVELOPER_DIR; };
		99DDE37D168B7B780071241C /* DropboxBrowserTests-Info.plist */ = {isa = PBXFileReference; lastKnownFileType = text.plist.xml; path = "DropboxBrowserTests-Info.plist"; sourceTree = "<group>"; };
		99DDE37F168B7B780071241C /* en */ = {isa = PBXFileReference; lastKnownFileType = text.plist.strings; name = en; path = en.lproj/InfoPlist.strings; sourceTree = "<group>"; };
		99DDE381168B7B780071241C /* DropboxBrowserTests.h */ = {isa = PBXFileReference; lastKnownFileType = sourcecode.c.h; path = DropboxBrowserTests.h; sourceTree = "<group>"; };
		99DDE382168B7B780071241C /* DropboxBrowserTests.m */ = {isa = PBXFileReference; lastKnownFileType = sourcecode.c.objc; path = DropboxBrowserTests.m; sourceTree = "<group>"; };
		99DDE39A168B7C190071241C /* DropboxBrowserViewController.h */ = {isa = PBXFileReference; fileEncoding = 4; lastKnownFileType = sourcecode.c.h; name = DropboxBrowserViewController.h; path = ../DropboxBrowserViewController.h; sourceTree = "<group>"; };
		99DDE39B168B7C190071241C /* DropboxBrowserViewController.m */ = {isa = PBXFileReference; fileEncoding = 4; lastKnownFileType = sourcecode.c.objc; name = DropboxBrowserViewController.m; path = ../DropboxBrowserViewController.m; sourceTree = "<group>"; };
		99DDE3AB168B7CC60071241C /* DropboxSDK.framework */ = {isa = PBXFileReference; lastKnownFileType = wrapper.framework; path = DropboxSDK.framework; sourceTree = "<group>"; };
		99DDE3AD168B7DFE0071241C /* Security.framework */ = {isa = PBXFileReference; lastKnownFileType = wrapper.framework; name = Security.framework; path = System/Library/Frameworks/Security.framework; sourceTree = SDKROOT; };
		99DDE3AF168B7E090071241C /* QuartzCore.framework */ = {isa = PBXFileReference; lastKnownFileType = wrapper.framework; name = QuartzCore.framework; path = System/Library/Frameworks/QuartzCore.framework; sourceTree = SDKROOT; };
		99DDE3B1168B83D70071241C /* AssetsLibrary.framework */ = {isa = PBXFileReference; lastKnownFileType = wrapper.framework; name = AssetsLibrary.framework; path = System/Library/Frameworks/AssetsLibrary.framework; sourceTree = SDKROOT; };
		99DDE3B3168B8E340071241C /* MBProgressHUD.h */ = {isa = PBXFileReference; fileEncoding = 4; lastKnownFileType = sourcecode.c.h; path = MBProgressHUD.h; sourceTree = "<group>"; };
		99DDE3B4168B8E340071241C /* MBProgressHUD.m */ = {isa = PBXFileReference; fileEncoding = 4; lastKnownFileType = sourcecode.c.objc; path = MBProgressHUD.m; sourceTree = "<group>"; };
/* End PBXFileReference section */

/* Begin PBXFrameworksBuildPhase section */
		99DDE348168B7B780071241C /* Frameworks */ = {
			isa = PBXFrameworksBuildPhase;
			buildActionMask = 2147483647;
			files = (
				999D32A717108BA900A9FCB6 /* Security.framework in Frameworks */,
				999D32A617108BA100A9FCB6 /* QuartzCore.framework in Frameworks */,
				999D32A517108B9B00A9FCB6 /* CoreGraphics.framework in Frameworks */,
				99DDE3AC168B7CC60071241C /* DropboxSDK.framework in Frameworks */,
				99DDE3B2168B83D70071241C /* AssetsLibrary.framework in Frameworks */,
				99DDE34F168B7B780071241C /* UIKit.framework in Frameworks */,
				99DDE351168B7B780071241C /* Foundation.framework in Frameworks */,
			);
			runOnlyForDeploymentPostprocessing = 0;
		};
		99DDE370168B7B780071241C /* Frameworks */ = {
			isa = PBXFrameworksBuildPhase;
			buildActionMask = 2147483647;
			files = (
				99DDE376168B7B780071241C /* SenTestingKit.framework in Frameworks */,
				99DDE377168B7B780071241C /* UIKit.framework in Frameworks */,
				99DDE378168B7B780071241C /* Foundation.framework in Frameworks */,
			);
			runOnlyForDeploymentPostprocessing = 0;
		};
/* End PBXFrameworksBuildPhase section */

/* Begin PBXGroup section */
		9934FCC7170F7FEE00890A53 /* Icons and Backgrounds */ = {
			isa = PBXGroup;
			children = (
				9934FCEE170F842E00890A53 /* Icon-72.png */,
				9934FCEF170F842E00890A53 /* Icon-72@2x.png */,
				9934FCF0170F842E00890A53 /* Icon-Small-50.png */,
				9934FCF1170F842E00890A53 /* Icon-Small-50@2x.png */,
				9934FCF2170F842E00890A53 /* Icon-Small.png */,
				9934FCF3170F842E00890A53 /* Icon-Small@2x.png */,
				9934FCF4170F842E00890A53 /* Icon.png */,
				9934FCF5170F842E00890A53 /* Icon@2x.png */,
				9934FCF6170F842E00890A53 /* iTunesArtwork.png */,
				9934FCF7170F842E00890A53 /* iTunesArtwork@2x.png */,
				9934FCEA170F837100890A53 /* Background@2x~ipad.png */,
				9934FCEB170F837100890A53 /* Background~ipad.png */,
				9934FCE4170F823500890A53 /* Background-568h@2x.png */,
				9934FCE5170F823500890A53 /* Background.png */,
				9934FCE6170F823500890A53 /* Background@2x.png */,
			);
			name = "Icons and Backgrounds";
			sourceTree = "<group>";
		};
		99A9F9CE174479DE00205C32 /* Graphics */ = {
			isa = PBXGroup;
			children = (
				99A9F9E7174479DE00205C32 /* navBar.png */,
				99A9F9E8174479DE00205C32 /* navBar@2x.png */,
				99A9F9E9174479DE00205C32 /* noFiles.png */,
				99A9F9EA174479DE00205C32 /* noFiles@2x.png */,
				99A9F9D5174479DE00205C32 /* folder.png */,
				99A9F9D6174479DE00205C32 /* folder@2x.png */,
				99A9F9D7174479DE00205C32 /* folder_app.png */,
				99A9F9D8174479DE00205C32 /* folder_app@2x.png */,
				99A9F9D9174479DE00205C32 /* folder_camera.png */,
				99A9F9DA174479DE00205C32 /* folder_camera@2x.png */,
				99A9F9DB174479DE00205C32 /* folder_camera_upload.png */,
				99A9F9DC174479DE00205C32 /* folder_camera_upload@2x.png */,
				99A9F9DD174479DE00205C32 /* folder_photos.png */,
				99A9F9DE174479DE00205C32 /* folder_photos@2x.png */,
				99A9F9DF174479DE00205C32 /* folder_public.png */,
				99A9F9E0174479DE00205C32 /* folder_public@2x.png */,
				99A9F9E1174479DE00205C32 /* folder_user.png */,
				99A9F9E2174479DE00205C32 /* folder_user@2x.png */,
				99A9F9E3174479DE00205C32 /* invite_folder.png */,
				99A9F9E4174479DE00205C32 /* invite_folder@2x.png */,
				99A9F9E5174479DE00205C32 /* keynote.png */,
				99A9F9E6174479DE00205C32 /* keynote@2x.png */,
				99A9F9EB174479DE00205C32 /* numbers.png */,
				99A9F9EC174479DE00205C32 /* numbers@2x.png */,
				99A9F9ED174479DE00205C32 /* package.png */,
				99A9F9EE174479DE00205C32 /* package@2x.png */,
				99A9F9EF174479DE00205C32 /* page_white.png */,
				99A9F9F0174479DE00205C32 /* page_white@2x.png */,
				99A9F9F1174479DE00205C32 /* page_white_acrobat.png */,
				99A9F9F2174479DE00205C32 /* page_white_acrobat@2x.png */,
				99A9F9F3174479DE00205C32 /* page_white_acrobat_import.png */,
				99A9F9F4174479DE00205C32 /* page_white_acrobat_import@2x.png */,
				99A9F9F5174479DE00205C32 /* page_white_actionscript.png */,
				99A9F9F6174479DE00205C32 /* page_white_actionscript@2x.png */,
				99A9F9F7174479DE00205C32 /* page_white_c.png */,
				99A9F9F8174479DE00205C32 /* page_white_c@2x.png */,
				99A9F9F9174479DE00205C32 /* page_white_code.png */,
				99A9F9FA174479DE00205C32 /* page_white_code@2x.png */,
				99A9F9FB174479DE00205C32 /* page_white_compressed.png */,
				99A9F9FC174479DE00205C32 /* page_white_compressed@2x.png */,
				99A9F9FF174479DE00205C32 /* page_white_cplusplus.png */,
				99A9FA00174479DE00205C32 /* page_white_cplusplus@2x.png */,
				99A9FA01174479DE00205C32 /* page_white_csharp.png */,
				99A9FA02174479DE00205C32 /* page_white_csharp@2x.png */,
				99A9FA03174479DE00205C32 /* page_white_cup.png */,
				99A9FA04174479DE00205C32 /* page_white_cup@2x.png */,
				99A9FA05174479DE00205C32 /* page_white_dvd.png */,
				99A9FA06174479DE00205C32 /* page_white_dvd@2x.png */,
				99A9FA07174479DE00205C32 /* page_white_excel.png */,
				99A9FA08174479DE00205C32 /* page_white_excel@2x.png */,
				99A9FA0B174479DE00205C32 /* page_white_film.png */,
				99A9FA0C174479DE00205C32 /* page_white_film@2x.png */,
				99A9FA0D174479DE00205C32 /* page_white_flash.png */,
				99A9FA0E174479DE00205C32 /* page_white_flash@2x.png */,
				99A9FA0F174479DE00205C32 /* page_white_gear.png */,
				99A9FA10174479DE00205C32 /* page_white_gear@2x.png */,
				99A9FA11174479DE00205C32 /* page_white_h.png */,
				99A9FA12174479DE00205C32 /* page_white_h@2x.png */,
				99A9FA13174479DE00205C32 /* page_white_import.png */,
				99A9FA14174479DE00205C32 /* page_white_import@2x.png */,
				99A9FA15174479DE00205C32 /* page_white_jef.png */,
				99A9FA16174479DE00205C32 /* page_white_jef@2x.png */,
				99A9FA17174479DE00205C32 /* page_white_js.png */,
				99A9FA18174479DE00205C32 /* page_white_js@2x.png */,
				99A9FA19174479DE00205C32 /* page_white_paint.png */,
				99A9FA1A174479DE00205C32 /* page_white_paint@2x.png */,
				99A9FA1D174479DE00205C32 /* page_white_php.png */,
				99A9FA1E174479DE00205C32 /* page_white_php@2x.png */,
				99A9FA1F174479DE00205C32 /* page_white_picture.png */,
				99A9FA20174479DE00205C32 /* page_white_picture@2x.png */,
				99A9FA23174479DE00205C32 /* page_white_powerpoint.png */,
				99A9FA24174479DE00205C32 /* page_white_powerpoint@2x.png */,
				99A9FA27174479DF00205C32 /* page_white_ruby.png */,
				99A9FA28174479DF00205C32 /* page_white_ruby@2x.png */,
				99A9FA29174479DF00205C32 /* page_white_sound.png */,
				99A9FA2A174479DF00205C32 /* page_white_sound@2x.png */,
				99A9FA2B174479DF00205C32 /* page_white_text.png */,
				99A9FA2C174479DF00205C32 /* page_white_text@2x.png */,
				99A9FA2F174479DF00205C32 /* page_white_tux.png */,
				99A9FA30174479DF00205C32 /* page_white_tux@2x.png */,
				99A9FA31174479DF00205C32 /* page_white_vector.png */,
				99A9FA32174479DF00205C32 /* page_white_vector@2x.png */,
				99A9FA35174479DF00205C32 /* page_white_visualstudio.png */,
				99A9FA36174479DF00205C32 /* page_white_visualstudio@2x.png */,
				99A9FA37174479DF00205C32 /* page_white_word.png */,
				99A9FA38174479DF00205C32 /* page_white_word@2x.png */,
				99A9FA3B174479DF00205C32 /* pages.png */,
				99A9FA3C174479DF00205C32 /* pages@2x.png */,
			);
			name = Graphics;
			path = ../Graphics;
			sourceTree = "<group>";
		};
		99DDE342168B7B780071241C = {
			isa = PBXGroup;
			children = (
				999ACD161745956400CADEC3 /* Default-Portrait~ipad.png */,
				999ACD141745955E00CADEC3 /* Default-Portrait@2x~ipad.png */,
				999ACD12174593A300CADEC3 /* Default-568h@2x.png */,
				999ACD0E1745926500CADEC3 /* Default@2x.png */,
				999ACD0C1745926100CADEC3 /* Default.png */,
				99A9F9CE174479DE00205C32 /* Graphics */,
				9934FCC7170F7FEE00890A53 /* Icons and Backgrounds */,
				99DDE39C168B7C190071241C /* Utilities */,
				99DDE38C168B7C030071241C /* Resources */,
				99DDE354168B7B780071241C /* DropboxBrowser */,
				99DDE37B168B7B780071241C /* DropboxBrowserTests */,
				99DDE34D168B7B780071241C /* Frameworks */,
				99DDE34C168B7B780071241C /* Products */,
			);
			sourceTree = "<group>";
		};
		99DDE34C168B7B780071241C /* Products */ = {
			isa = PBXGroup;
			children = (
				99DDE34B168B7B780071241C /* DropboxBrowser.app */,
				99DDE374168B7B780071241C /* DropboxBrowserTests.octest */,
			);
			name = Products;
			sourceTree = "<group>";
		};
		99DDE34D168B7B780071241C /* Frameworks */ = {
			isa = PBXGroup;
			children = (
				99DDE3AB168B7CC60071241C /* DropboxSDK.framework */,
				99DDE3B1168B83D70071241C /* AssetsLibrary.framework */,
				99DDE3AF168B7E090071241C /* QuartzCore.framework */,
				99DDE3AD168B7DFE0071241C /* Security.framework */,
				99DDE34E168B7B780071241C /* UIKit.framework */,
				99DDE350168B7B780071241C /* Foundation.framework */,
				99DDE352168B7B780071241C /* CoreGraphics.framework */,
				99DDE375168B7B780071241C /* SenTestingKit.framework */,
			);
			name = Frameworks;
			sourceTree = "<group>";
		};
		99DDE354168B7B780071241C /* DropboxBrowser */ = {
			isa = PBXGroup;
			children = (
				99DDE35D168B7B780071241C /* DBBAppDelegate.h */,
				99DDE35E168B7B780071241C /* DBBAppDelegate.m */,
				99DDE366168B7B780071241C /* MainStoryboard_iPhone.storyboard */,
				99DDE369168B7B780071241C /* MainStoryboard_iPad.storyboard */,
				99DDE36C168B7B780071241C /* DBBViewController.h */,
				99DDE36D168B7B780071241C /* DBBViewController.m */,
				99DDE355168B7B780071241C /* Supporting Files */,
			);
			path = DropboxBrowser;
			sourceTree = "<group>";
		};
		99DDE355168B7B780071241C /* Supporting Files */ = {
			isa = PBXGroup;
			children = (
				99DDE356168B7B780071241C /* DropboxBrowser-Info.plist */,
				99DDE357168B7B780071241C /* InfoPlist.strings */,
				99DDE35A168B7B780071241C /* main.m */,
				99DDE35C168B7B780071241C /* DropboxBrowser-Prefix.pch */,
				99DDE360168B7B780071241C /* Default.png */,
				99DDE362168B7B780071241C /* Default@2x.png */,
				99DDE364168B7B780071241C /* Default-568h@2x.png */,
			);
			name = "Supporting Files";
			sourceTree = "<group>";
		};
		99DDE37B168B7B780071241C /* DropboxBrowserTests */ = {
			isa = PBXGroup;
			children = (
				99DDE381168B7B780071241C /* DropboxBrowserTests.h */,
				99DDE382168B7B780071241C /* DropboxBrowserTests.m */,
				99DDE37C168B7B780071241C /* Supporting Files */,
			);
			path = DropboxBrowserTests;
			sourceTree = "<group>";
		};
		99DDE37C168B7B780071241C /* Supporting Files */ = {
			isa = PBXGroup;
			children = (
				99DDE37D168B7B780071241C /* DropboxBrowserTests-Info.plist */,
				99DDE37E168B7B780071241C /* InfoPlist.strings */,
			);
			name = "Supporting Files";
			sourceTree = "<group>";
		};
		99DDE38C168B7C030071241C /* Resources */ = {
			isa = PBXGroup;
			children = (
				99DDE39A168B7C190071241C /* DropboxBrowserViewController.h */,
				99DDE39B168B7C190071241C /* DropboxBrowserViewController.m */,
			);
			name = Resources;
			sourceTree = "<group>";
		};
		99DDE39C168B7C190071241C /* Utilities */ = {
			isa = PBXGroup;
			children = (
				99DDE3B3168B8E340071241C /* MBProgressHUD.h */,
				99DDE3B4168B8E340071241C /* MBProgressHUD.m */,
			);
			name = Utilities;
			path = ../Utilities;
			sourceTree = "<group>";
		};
/* End PBXGroup section */

/* Begin PBXNativeTarget section */
		99DDE34A168B7B780071241C /* DropboxBrowser */ = {
			isa = PBXNativeTarget;
			buildConfigurationList = 99DDE386168B7B780071241C /* Build configuration list for PBXNativeTarget "DropboxBrowser" */;
			buildPhases = (
				99DDE347168B7B780071241C /* Sources */,
				99DDE348168B7B780071241C /* Frameworks */,
				99DDE349168B7B780071241C /* Resources */,
			);
			buildRules = (
			);
			dependencies = (
			);
			name = DropboxBrowser;
			productName = DropboxBrowser;
			productReference = 99DDE34B168B7B780071241C /* DropboxBrowser.app */;
			productType = "com.apple.product-type.application";
		};
		99DDE373168B7B780071241C /* DropboxBrowserTests */ = {
			isa = PBXNativeTarget;
			buildConfigurationList = 99DDE389168B7B780071241C /* Build configuration list for PBXNativeTarget "DropboxBrowserTests" */;
			buildPhases = (
				99DDE36F168B7B780071241C /* Sources */,
				99DDE370168B7B780071241C /* Frameworks */,
				99DDE371168B7B780071241C /* Resources */,
				99DDE372168B7B780071241C /* ShellScript */,
			);
			buildRules = (
			);
			dependencies = (
				99DDE37A168B7B780071241C /* PBXTargetDependency */,
			);
			name = DropboxBrowserTests;
			productName = DropboxBrowserTests;
			productReference = 99DDE374168B7B780071241C /* DropboxBrowserTests.octest */;
			productType = "com.apple.product-type.bundle";
		};
/* End PBXNativeTarget section */

/* Begin PBXProject section */
		99DDE343168B7B780071241C /* Project object */ = {
			isa = PBXProject;
			attributes = {
				CLASSPREFIX = DBB;
				LastUpgradeCheck = 0460;
				ORGANIZATIONNAME = "iRare Media";
			};
			buildConfigurationList = 99DDE346168B7B780071241C /* Build configuration list for PBXProject "DropboxBrowser" */;
			compatibilityVersion = "Xcode 3.2";
			developmentRegion = English;
			hasScannedForEncodings = 0;
			knownRegions = (
				en,
			);
			mainGroup = 99DDE342168B7B780071241C;
			productRefGroup = 99DDE34C168B7B780071241C /* Products */;
			projectDirPath = "";
			projectRoot = "";
			targets = (
				99DDE34A168B7B780071241C /* DropboxBrowser */,
				99DDE373168B7B780071241C /* DropboxBrowserTests */,
			);
		};
/* End PBXProject section */

/* Begin PBXResourcesBuildPhase section */
		99DDE349168B7B780071241C /* Resources */ = {
			isa = PBXResourcesBuildPhase;
			buildActionMask = 2147483647;
			files = (
				99DDE359168B7B780071241C /* InfoPlist.strings in Resources */,
				99DDE368168B7B780071241C /* MainStoryboard_iPhone.storyboard in Resources */,
				99DDE36B168B7B780071241C /* MainStoryboard_iPad.storyboard in Resources */,
				9934FCE7170F823500890A53 /* Background-568h@2x.png in Resources */,
				9934FCE8170F823500890A53 /* Background.png in Resources */,
				9934FCE9170F823500890A53 /* Background@2x.png in Resources */,
				9934FCEC170F837100890A53 /* Background@2x~ipad.png in Resources */,
				9934FCED170F837100890A53 /* Background~ipad.png in Resources */,
				9934FCF8170F842E00890A53 /* Icon-72.png in Resources */,
				9934FCF9170F842E00890A53 /* Icon-72@2x.png in Resources */,
				9934FCFA170F842E00890A53 /* Icon-Small-50.png in Resources */,
				9934FCFB170F842E00890A53 /* Icon-Small-50@2x.png in Resources */,
				9934FCFC170F842E00890A53 /* Icon-Small.png in Resources */,
				9934FCFD170F842E00890A53 /* Icon-Small@2x.png in Resources */,
				9934FCFE170F842E00890A53 /* Icon.png in Resources */,
				9934FCFF170F842E00890A53 /* Icon@2x.png in Resources */,
				9934FD00170F842E00890A53 /* iTunesArtwork.png in Resources */,
				9934FD01170F842E00890A53 /* iTunesArtwork@2x.png in Resources */,
				99A9FA45174479DF00205C32 /* folder.png in Resources */,
				99A9FA46174479DF00205C32 /* folder@2x.png in Resources */,
				99A9FA47174479DF00205C32 /* folder_app.png in Resources */,
				99A9FA48174479DF00205C32 /* folder_app@2x.png in Resources */,
				99A9FA49174479DF00205C32 /* folder_camera.png in Resources */,
				99A9FA4A174479DF00205C32 /* folder_camera@2x.png in Resources */,
				99A9FA4B174479DF00205C32 /* folder_camera_upload.png in Resources */,
				99A9FA4C174479DF00205C32 /* folder_camera_upload@2x.png in Resources */,
				99A9FA4D174479DF00205C32 /* folder_photos.png in Resources */,
				99A9FA4E174479DF00205C32 /* folder_photos@2x.png in Resources */,
				99A9FA4F174479DF00205C32 /* folder_public.png in Resources */,
				99A9FA50174479DF00205C32 /* folder_public@2x.png in Resources */,
				99A9FA51174479DF00205C32 /* folder_user.png in Resources */,
				99A9FA52174479DF00205C32 /* folder_user@2x.png in Resources */,
				99A9FA53174479DF00205C32 /* invite_folder.png in Resources */,
				99A9FA54174479DF00205C32 /* invite_folder@2x.png in Resources */,
				99A9FA55174479DF00205C32 /* keynote.png in Resources */,
				99A9FA56174479DF00205C32 /* keynote@2x.png in Resources */,
				99A9FA57174479DF00205C32 /* navBar.png in Resources */,
				99A9FA58174479DF00205C32 /* navBar@2x.png in Resources */,
				99A9FA59174479DF00205C32 /* noFiles.png in Resources */,
				99A9FA5A174479DF00205C32 /* noFiles@2x.png in Resources */,
				99A9FA5B174479DF00205C32 /* numbers.png in Resources */,
				99A9FA5C174479DF00205C32 /* numbers@2x.png in Resources */,
				99A9FA5D174479DF00205C32 /* package.png in Resources */,
				99A9FA5E174479DF00205C32 /* package@2x.png in Resources */,
				99A9FA5F174479DF00205C32 /* page_white.png in Resources */,
				99A9FA60174479DF00205C32 /* page_white@2x.png in Resources */,
				99A9FA61174479DF00205C32 /* page_white_acrobat.png in Resources */,
				99A9FA62174479DF00205C32 /* page_white_acrobat@2x.png in Resources */,
				99A9FA63174479DF00205C32 /* page_white_acrobat_import.png in Resources */,
				99A9FA64174479DF00205C32 /* page_white_acrobat_import@2x.png in Resources */,
				99A9FA65174479DF00205C32 /* page_white_actionscript.png in Resources */,
				99A9FA66174479DF00205C32 /* page_white_actionscript@2x.png in Resources */,
				99A9FA67174479DF00205C32 /* page_white_c.png in Resources */,
				99A9FA68174479DF00205C32 /* page_white_c@2x.png in Resources */,
				99A9FA69174479DF00205C32 /* page_white_code.png in Resources */,
				99A9FA6A174479DF00205C32 /* page_white_code@2x.png in Resources */,
				99A9FA6B174479DF00205C32 /* page_white_compressed.png in Resources */,
				99A9FA6C174479DF00205C32 /* page_white_compressed@2x.png in Resources */,
				99A9FA6F174479DF00205C32 /* page_white_cplusplus.png in Resources */,
				99A9FA70174479DF00205C32 /* page_white_cplusplus@2x.png in Resources */,
				99A9FA71174479DF00205C32 /* page_white_csharp.png in Resources */,
				99A9FA72174479DF00205C32 /* page_white_csharp@2x.png in Resources */,
				99A9FA73174479DF00205C32 /* page_white_cup.png in Resources */,
				99A9FA74174479DF00205C32 /* page_white_cup@2x.png in Resources */,
				99A9FA75174479DF00205C32 /* page_white_dvd.png in Resources */,
				99A9FA76174479DF00205C32 /* page_white_dvd@2x.png in Resources */,
				99A9FA77174479DF00205C32 /* page_white_excel.png in Resources */,
				99A9FA78174479DF00205C32 /* page_white_excel@2x.png in Resources */,
				99A9FA7B174479DF00205C32 /* page_white_film.png in Resources */,
				99A9FA7C174479DF00205C32 /* page_white_film@2x.png in Resources */,
				99A9FA7D174479DF00205C32 /* page_white_flash.png in Resources */,
				99A9FA7E174479DF00205C32 /* page_white_flash@2x.png in Resources */,
				99A9FA7F174479DF00205C32 /* page_white_gear.png in Resources */,
				99A9FA80174479DF00205C32 /* page_white_gear@2x.png in Resources */,
				99A9FA81174479DF00205C32 /* page_white_h.png in Resources */,
				99A9FA82174479DF00205C32 /* page_white_h@2x.png in Resources */,
				99A9FA83174479DF00205C32 /* page_white_import.png in Resources */,
				99A9FA84174479DF00205C32 /* page_white_import@2x.png in Resources */,
				99A9FA85174479DF00205C32 /* page_white_jef.png in Resources */,
				99A9FA86174479DF00205C32 /* page_white_jef@2x.png in Resources */,
				99A9FA87174479DF00205C32 /* page_white_js.png in Resources */,
				99A9FA88174479DF00205C32 /* page_white_js@2x.png in Resources */,
				99A9FA89174479DF00205C32 /* page_white_paint.png in Resources */,
				99A9FA8A174479DF00205C32 /* page_white_paint@2x.png in Resources */,
				99A9FA8D174479DF00205C32 /* page_white_php.png in Resources */,
				99A9FA8E174479DF00205C32 /* page_white_php@2x.png in Resources */,
				99A9FA8F174479DF00205C32 /* page_white_picture.png in Resources */,
				99A9FA90174479DF00205C32 /* page_white_picture@2x.png in Resources */,
				99A9FA93174479DF00205C32 /* page_white_powerpoint.png in Resources */,
				99A9FA94174479DF00205C32 /* page_white_powerpoint@2x.png in Resources */,
				99A9FA97174479DF00205C32 /* page_white_ruby.png in Resources */,
				99A9FA98174479DF00205C32 /* page_white_ruby@2x.png in Resources */,
				99A9FA99174479DF00205C32 /* page_white_sound.png in Resources */,
				99A9FA9A174479DF00205C32 /* page_white_sound@2x.png in Resources */,
				99A9FA9B174479DF00205C32 /* page_white_text.png in Resources */,
				99A9FA9C174479DF00205C32 /* page_white_text@2x.png in Resources */,
				99A9FA9F174479DF00205C32 /* page_white_tux.png in Resources */,
				99A9FAA0174479DF00205C32 /* page_white_tux@2x.png in Resources */,
				99A9FAA1174479DF00205C32 /* page_white_vector.png in Resources */,
				99A9FAA2174479DF00205C32 /* page_white_vector@2x.png in Resources */,
				99A9FAA5174479DF00205C32 /* page_white_visualstudio.png in Resources */,
				99A9FAA6174479DF00205C32 /* page_white_visualstudio@2x.png in Resources */,
				99A9FAA7174479DF00205C32 /* page_white_word.png in Resources */,
				99A9FAA8174479DF00205C32 /* page_white_word@2x.png in Resources */,
				99A9FAAB174479DF00205C32 /* pages.png in Resources */,
				99A9FAAC174479DF00205C32 /* pages@2x.png in Resources */,
				999ACD0D1745926100CADEC3 /* Default.png in Resources */,
				999ACD0F1745926500CADEC3 /* Default@2x.png in Resources */,
				999ACD13174593A300CADEC3 /* Default-568h@2x.png in Resources */,
				999ACD151745955E00CADEC3 /* Default-Portrait@2x~ipad.png in Resources */,
				999ACD171745956400CADEC3 /* Default-Portrait~ipad.png in Resources */,
			);
			runOnlyForDeploymentPostprocessing = 0;
		};
		99DDE371168B7B780071241C /* Resources */ = {
			isa = PBXResourcesBuildPhase;
			buildActionMask = 2147483647;
			files = (
				99DDE380168B7B780071241C /* InfoPlist.strings in Resources */,
			);
			runOnlyForDeploymentPostprocessing = 0;
		};
/* End PBXResourcesBuildPhase section */

/* Begin PBXShellScriptBuildPhase section */
		99DDE372168B7B780071241C /* ShellScript */ = {
			isa = PBXShellScriptBuildPhase;
			buildActionMask = 2147483647;
			files = (
			);
			inputPaths = (
			);
			outputPaths = (
			);
			runOnlyForDeploymentPostprocessing = 0;
			shellPath = /bin/sh;
			shellScript = "# Run the unit tests in this test bundle.\n\"${SYSTEM_DEVELOPER_DIR}/Tools/RunUnitTests\"\n";
		};
/* End PBXShellScriptBuildPhase section */

/* Begin PBXSourcesBuildPhase section */
		99DDE347168B7B780071241C /* Sources */ = {
			isa = PBXSourcesBuildPhase;
			buildActionMask = 2147483647;
			files = (
				99DDE35B168B7B780071241C /* main.m in Sources */,
				99DDE35F168B7B780071241C /* DBBAppDelegate.m in Sources */,
				99DDE36E168B7B780071241C /* DBBViewController.m in Sources */,
				99DDE3A9168B7C190071241C /* DropboxBrowserViewController.m in Sources */,
				99DDE3B5168B8E340071241C /* MBProgressHUD.m in Sources */,
			);
			runOnlyForDeploymentPostprocessing = 0;
		};
		99DDE36F168B7B780071241C /* Sources */ = {
			isa = PBXSourcesBuildPhase;
			buildActionMask = 2147483647;
			files = (
				99DDE383168B7B780071241C /* DropboxBrowserTests.m in Sources */,
			);
			runOnlyForDeploymentPostprocessing = 0;
		};
/* End PBXSourcesBuildPhase section */

/* Begin PBXTargetDependency section */
		99DDE37A168B7B780071241C /* PBXTargetDependency */ = {
			isa = PBXTargetDependency;
			target = 99DDE34A168B7B780071241C /* DropboxBrowser */;
			targetProxy = 99DDE379168B7B780071241C /* PBXContainerItemProxy */;
		};
/* End PBXTargetDependency section */

/* Begin PBXVariantGroup section */
		99DDE357168B7B780071241C /* InfoPlist.strings */ = {
			isa = PBXVariantGroup;
			children = (
				99DDE358168B7B780071241C /* en */,
			);
			name = InfoPlist.strings;
			sourceTree = "<group>";
		};
		99DDE366168B7B780071241C /* MainStoryboard_iPhone.storyboard */ = {
			isa = PBXVariantGroup;
			children = (
				99DDE367168B7B780071241C /* en */,
			);
			name = MainStoryboard_iPhone.storyboard;
			sourceTree = "<group>";
		};
		99DDE369168B7B780071241C /* MainStoryboard_iPad.storyboard */ = {
			isa = PBXVariantGroup;
			children = (
				99DDE36A168B7B780071241C /* en */,
			);
			name = MainStoryboard_iPad.storyboard;
			sourceTree = "<group>";
		};
		99DDE37E168B7B780071241C /* InfoPlist.strings */ = {
			isa = PBXVariantGroup;
			children = (
				99DDE37F168B7B780071241C /* en */,
			);
			name = InfoPlist.strings;
			sourceTree = "<group>";
		};
/* End PBXVariantGroup section */

/* Begin XCBuildConfiguration section */
		99DDE384168B7B780071241C /* Debug */ = {
			isa = XCBuildConfiguration;
			buildSettings = {
				ALWAYS_SEARCH_USER_PATHS = NO;
				CLANG_CXX_LANGUAGE_STANDARD = "gnu++0x";
				CLANG_CXX_LIBRARY = "libc++";
				CLANG_ENABLE_OBJC_ARC = YES;
				CLANG_WARN_CONSTANT_CONVERSION = YES;
				CLANG_WARN_DEPRECATED_OBJC_IMPLEMENTATIONS = YES;
				CLANG_WARN_EMPTY_BODY = YES;
				CLANG_WARN_INT_CONVERSION = YES;
				CLANG_WARN__DUPLICATE_METHOD_MATCH = YES;
				"CODE_SIGN_IDENTITY[sdk=iphoneos*]" = "iPhone Developer";
				COPY_PHASE_STRIP = NO;
				GCC_C_LANGUAGE_STANDARD = gnu99;
				GCC_DYNAMIC_NO_PIC = NO;
				GCC_OPTIMIZATION_LEVEL = 0;
				GCC_PREPROCESSOR_DEFINITIONS = (
					"DEBUG=1",
					"$(inherited)",
				);
				GCC_SYMBOLS_PRIVATE_EXTERN = NO;
				GCC_WARN_ABOUT_RETURN_TYPE = YES;
				GCC_WARN_UNINITIALIZED_AUTOS = YES;
				GCC_WARN_UNUSED_VARIABLE = YES;
				IPHONEOS_DEPLOYMENT_TARGET = 6.1;
				ONLY_ACTIVE_ARCH = YES;
				SDKROOT = iphoneos;
				TARGETED_DEVICE_FAMILY = "1,2";
			};
			name = Debug;
		};
		99DDE385168B7B780071241C /* Release */ = {
			isa = XCBuildConfiguration;
			buildSettings = {
				ALWAYS_SEARCH_USER_PATHS = NO;
				CLANG_CXX_LANGUAGE_STANDARD = "gnu++0x";
				CLANG_CXX_LIBRARY = "libc++";
				CLANG_ENABLE_OBJC_ARC = YES;
				CLANG_WARN_CONSTANT_CONVERSION = YES;
				CLANG_WARN_DEPRECATED_OBJC_IMPLEMENTATIONS = YES;
				CLANG_WARN_EMPTY_BODY = YES;
				CLANG_WARN_INT_CONVERSION = YES;
				CLANG_WARN__DUPLICATE_METHOD_MATCH = YES;
				"CODE_SIGN_IDENTITY[sdk=iphoneos*]" = "iPhone Developer";
				COPY_PHASE_STRIP = YES;
				GCC_C_LANGUAGE_STANDARD = gnu99;
				GCC_WARN_ABOUT_RETURN_TYPE = YES;
				GCC_WARN_UNINITIALIZED_AUTOS = YES;
				GCC_WARN_UNUSED_VARIABLE = YES;
				IPHONEOS_DEPLOYMENT_TARGET = 6.1;
				OTHER_CFLAGS = "-DNS_BLOCK_ASSERTIONS=1";
				SDKROOT = iphoneos;
				TARGETED_DEVICE_FAMILY = "1,2";
				VALIDATE_PRODUCT = YES;
			};
			name = Release;
		};
		99DDE387168B7B780071241C /* Debug */ = {
			isa = XCBuildConfiguration;
			buildSettings = {
				CODE_SIGN_IDENTITY = "";
				"CODE_SIGN_IDENTITY[sdk=iphoneos*]" = "";
				COMPRESS_PNG_FILES = YES;
				FRAMEWORK_SEARCH_PATHS = (
					"$(inherited)",
					"\"$(SRCROOT)\"",
				);
				GCC_PRECOMPILE_PREFIX_HEADER = YES;
				GCC_PREFIX_HEADER = "DropboxBrowser/DropboxBrowser-Prefix.pch";
				INFOPLIST_FILE = "DropboxBrowser/DropboxBrowser-Info.plist";
				IPHONEOS_DEPLOYMENT_TARGET = 5.0;
				PRODUCT_NAME = "$(TARGET_NAME)";
				WRAPPER_EXTENSION = app;
			};
			name = Debug;
		};
		99DDE388168B7B780071241C /* Release */ = {
			isa = XCBuildConfiguration;
			buildSettings = {
				CODE_SIGN_IDENTITY = "";
				"CODE_SIGN_IDENTITY[sdk=iphoneos*]" = "";
				COMPRESS_PNG_FILES = YES;
				FRAMEWORK_SEARCH_PATHS = (
					"$(inherited)",
					"\"$(SRCROOT)\"",
				);
				GCC_PRECOMPILE_PREFIX_HEADER = YES;
				GCC_PREFIX_HEADER = "DropboxBrowser/DropboxBrowser-Prefix.pch";
				INFOPLIST_FILE = "DropboxBrowser/DropboxBrowser-Info.plist";
				IPHONEOS_DEPLOYMENT_TARGET = 5.0;
				PRODUCT_NAME = "$(TARGET_NAME)";
				WRAPPER_EXTENSION = app;
			};
			name = Release;
		};
		99DDE38A168B7B780071241C /* Debug */ = {
			isa = XCBuildConfiguration;
			buildSettings = {
				BUNDLE_LOADER = "$(BUILT_PRODUCTS_DIR)/DropboxBrowser.app/DropboxBrowser";
				FRAMEWORK_SEARCH_PATHS = (
					"\"$(SDKROOT)/Developer/Library/Frameworks\"",
					"\"$(DEVELOPER_LIBRARY_DIR)/Frameworks\"",
				);
				GCC_PRECOMPILE_PREFIX_HEADER = YES;
				GCC_PREFIX_HEADER = "DropboxBrowser/DropboxBrowser-Prefix.pch";
				INFOPLIST_FILE = "DropboxBrowserTests/DropboxBrowserTests-Info.plist";
				IPHONEOS_DEPLOYMENT_TARGET = 5.0;
				PRODUCT_NAME = "$(TARGET_NAME)";
				TEST_HOST = "$(BUNDLE_LOADER)";
				WRAPPER_EXTENSION = octest;
			};
			name = Debug;
		};
		99DDE38B168B7B780071241C /* Release */ = {
			isa = XCBuildConfiguration;
			buildSettings = {
				BUNDLE_LOADER = "$(BUILT_PRODUCTS_DIR)/DropboxBrowser.app/DropboxBrowser";
				FRAMEWORK_SEARCH_PATHS = (
					"\"$(SDKROOT)/Developer/Library/Frameworks\"",
					"\"$(DEVELOPER_LIBRARY_DIR)/Frameworks\"",
				);
				GCC_PRECOMPILE_PREFIX_HEADER = YES;
				GCC_PREFIX_HEADER = "DropboxBrowser/DropboxBrowser-Prefix.pch";
				INFOPLIST_FILE = "DropboxBrowserTests/DropboxBrowserTests-Info.plist";
				IPHONEOS_DEPLOYMENT_TARGET = 5.0;
				PRODUCT_NAME = "$(TARGET_NAME)";
				TEST_HOST = "$(BUNDLE_LOADER)";
				WRAPPER_EXTENSION = octest;
			};
			name = Release;
		};
/* End XCBuildConfiguration section */

/* Begin XCConfigurationList section */
		99DDE346168B7B780071241C /* Build configuration list for PBXProject "DropboxBrowser" */ = {
			isa = XCConfigurationList;
			buildConfigurations = (
				99DDE384168B7B780071241C /* Debug */,
				99DDE385168B7B780071241C /* Release */,
			);
			defaultConfigurationIsVisible = 0;
			defaultConfigurationName = Release;
		};
		99DDE386168B7B780071241C /* Build configuration list for PBXNativeTarget "DropboxBrowser" */ = {
			isa = XCConfigurationList;
			buildConfigurations = (
				99DDE387168B7B780071241C /* Debug */,
				99DDE388168B7B780071241C /* Release */,
			);
			defaultConfigurationIsVisible = 0;
			defaultConfigurationName = Release;
		};
		99DDE389168B7B780071241C /* Build configuration list for PBXNativeTarget "DropboxBrowserTests" */ = {
			isa = XCConfigurationList;
			buildConfigurations = (
				99DDE38A168B7B780071241C /* Debug */,
				99DDE38B168B7B780071241C /* Release */,
			);
			defaultConfigurationIsVisible = 0;
			defaultConfigurationName = Release;
		};
/* End XCConfigurationList section */
	};
	rootObject = 99DDE343168B7B780071241C /* Project object */;
}
