// !$*UTF8*$!
{
	archiveVersion = 1;
	classes = {
	};
	objectVersion = 46;
	objects = {

/* Begin PBXBuildFile section */
		990EEF9E17F648FA00A657DB /* Images.xcassets in Resources */ = {isa = PBXBuildFile; fileRef = 990EEF9D17F648FA00A657DB /* Images.xcassets */; };
		999D32A517108B9B00A9FCB6 /* CoreGraphics.framework in Frameworks */ = {isa = PBXBuildFile; fileRef = 99DDE352168B7B780071241C /* CoreGraphics.framework */; };
		999D32A617108BA100A9FCB6 /* QuartzCore.framework in Frameworks */ = {isa = PBXBuildFile; fileRef = 99DDE3AF168B7E090071241C /* QuartzCore.framework */; };
		999D32A717108BA900A9FCB6 /* Security.framework in Frameworks */ = {isa = PBXBuildFile; fileRef = 99DDE3AD168B7DFE0071241C /* Security.framework */; };
		99DDE34F168B7B780071241C /* UIKit.framework in Frameworks */ = {isa = PBXBuildFile; fileRef = 99DDE34E168B7B780071241C /* UIKit.framework */; };
		99DDE351168B7B780071241C /* Foundation.framework in Frameworks */ = {isa = PBXBuildFile; fileRef = 99DDE350168B7B780071241C /* Foundation.framework */; };
		99DDE359168B7B780071241C /* InfoPlist.strings in Resources */ = {isa = PBXBuildFile; fileRef = 99DDE357168B7B780071241C /* InfoPlist.strings */; };
		99DDE35B168B7B780071241C /* main.m in Sources */ = {isa = PBXBuildFile; fileRef = 99DDE35A168B7B780071241C /* main.m */; };
		99DDE35F168B7B780071241C /* DBBAppDelegate.m in Sources */ = {isa = PBXBuildFile; fileRef = 99DDE35E168B7B780071241C /* DBBAppDelegate.m */; };
		99DDE368168B7B780071241C /* MainStoryboard_iPhone.storyboard in Resources */ = {isa = PBXBuildFile; fileRef = 99DDE366168B7B780071241C /* MainStoryboard_iPhone.storyboard */; };
		99DDE36E168B7B780071241C /* DBBViewController.m in Sources */ = {isa = PBXBuildFile; fileRef = 99DDE36D168B7B780071241C /* DBBViewController.m */; };
		99DDE3A9168B7C190071241C /* DropboxBrowserViewController.m in Sources */ = {isa = PBXBuildFile; fileRef = 99DDE39B168B7C190071241C /* DropboxBrowserViewController.m */; };
		99DDE3AC168B7CC60071241C /* DropboxSDK.framework in Frameworks */ = {isa = PBXBuildFile; fileRef = 99DDE3AB168B7CC60071241C /* DropboxSDK.framework */; };
		99DDE3B2168B83D70071241C /* AssetsLibrary.framework in Frameworks */ = {isa = PBXBuildFile; fileRef = 99DDE3B1168B83D70071241C /* AssetsLibrary.framework */; };
/* End PBXBuildFile section */

/* Begin PBXFileReference section */
		990EEF9D17F648FA00A657DB /* Images.xcassets */ = {isa = PBXFileReference; lastKnownFileType = folder.assetcatalog; path = Images.xcassets; sourceTree = "<group>"; };
		99DDE34B168B7B780071241C /* DropboxBrowser.app */ = {isa = PBXFileReference; explicitFileType = wrapper.application; includeInIndex = 0; path = DropboxBrowser.app; sourceTree = BUILT_PRODUCTS_DIR; };
		99DDE34E168B7B780071241C /* UIKit.framework */ = {isa = PBXFileReference; lastKnownFileType = wrapper.framework; name = UIKit.framework; path = System/Library/Frameworks/UIKit.framework; sourceTree = SDKROOT; };
		99DDE350168B7B780071241C /* Foundation.framework */ = {isa = PBXFileReference; lastKnownFileType = wrapper.framework; name = Foundation.framework; path = System/Library/Frameworks/Foundation.framework; sourceTree = SDKROOT; };
		99DDE352168B7B780071241C /* CoreGraphics.framework */ = {isa = PBXFileReference; lastKnownFileType = wrapper.framework; name = CoreGraphics.framework; path = System/Library/Frameworks/CoreGraphics.framework; sourceTree = SDKROOT; };
		99DDE356168B7B780071241C /* DropboxBrowser-Info.plist */ = {isa = PBXFileReference; lastKnownFileType = text.plist.xml; path = "DropboxBrowser-Info.plist"; sourceTree = "<group>"; };
		99DDE358168B7B780071241C /* en */ = {isa = PBXFileReference; lastKnownFileType = text.plist.strings; name = en; path = en.lproj/InfoPlist.strings; sourceTree = "<group>"; };
		99DDE35A168B7B780071241C /* main.m */ = {isa = PBXFileReference; lastKnownFileType = sourcecode.c.objc; path = main.m; sourceTree = "<group>"; };
		99DDE35C168B7B780071241C /* DropboxBrowser-Prefix.pch */ = {isa = PBXFileReference; lastKnownFileType = sourcecode.c.h; path = "DropboxBrowser-Prefix.pch"; sourceTree = "<group>"; };
		99DDE35D168B7B780071241C /* DBBAppDelegate.h */ = {isa = PBXFileReference; lastKnownFileType = sourcecode.c.h; path = DBBAppDelegate.h; sourceTree = "<group>"; };
		99DDE35E168B7B780071241C /* DBBAppDelegate.m */ = {isa = PBXFileReference; lastKnownFileType = sourcecode.c.objc; path = DBBAppDelegate.m; sourceTree = "<group>"; };
		99DDE367168B7B780071241C /* en */ = {isa = PBXFileReference; lastKnownFileType = file.storyboard; name = en; path = en.lproj/MainStoryboard_iPhone.storyboard; sourceTree = "<group>"; };
		99DDE36C168B7B780071241C /* DBBViewController.h */ = {isa = PBXFileReference; lastKnownFileType = sourcecode.c.h; path = DBBViewController.h; sourceTree = "<group>"; };
		99DDE36D168B7B780071241C /* DBBViewController.m */ = {isa = PBXFileReference; lastKnownFileType = sourcecode.c.objc; path = DBBViewController.m; sourceTree = "<group>"; };
		99DDE39A168B7C190071241C /* DropboxBrowserViewController.h */ = {isa = PBXFileReference; fileEncoding = 4; lastKnownFileType = sourcecode.c.h; name = DropboxBrowserViewController.h; path = ../DropboxBrowserViewController.h; sourceTree = "<group>"; };
		99DDE39B168B7C190071241C /* DropboxBrowserViewController.m */ = {isa = PBXFileReference; fileEncoding = 4; lastKnownFileType = sourcecode.c.objc; name = DropboxBrowserViewController.m; path = ../DropboxBrowserViewController.m; sourceTree = "<group>"; };
		99DDE3AB168B7CC60071241C /* DropboxSDK.framework */ = {isa = PBXFileReference; lastKnownFileType = wrapper.framework; path = DropboxSDK.framework; sourceTree = "<group>"; };
		99DDE3AD168B7DFE0071241C /* Security.framework */ = {isa = PBXFileReference; lastKnownFileType = wrapper.framework; name = Security.framework; path = System/Library/Frameworks/Security.framework; sourceTree = SDKROOT; };
		99DDE3AF168B7E090071241C /* QuartzCore.framework */ = {isa = PBXFileReference; lastKnownFileType = wrapper.framework; name = QuartzCore.framework; path = System/Library/Frameworks/QuartzCore.framework; sourceTree = SDKROOT; };
		99DDE3B1168B83D70071241C /* AssetsLibrary.framework */ = {isa = PBXFileReference; lastKnownFileType = wrapper.framework; name = AssetsLibrary.framework; path = System/Library/Frameworks/AssetsLibrary.framework; sourceTree = SDKROOT; };
/* End PBXFileReference section */

/* Begin PBXFrameworksBuildPhase section */
		99DDE348168B7B780071241C /* Frameworks */ = {
			isa = PBXFrameworksBuildPhase;
			buildActionMask = 2147483647;
			files = (
				999D32A717108BA900A9FCB6 /* Security.framework in Frameworks */,
				999D32A617108BA100A9FCB6 /* QuartzCore.framework in Frameworks */,
				999D32A517108B9B00A9FCB6 /* CoreGraphics.framework in Frameworks */,
				99DDE3AC168B7CC60071241C /* DropboxSDK.framework in Frameworks */,
				99DDE3B2168B83D70071241C /* AssetsLibrary.framework in Frameworks */,
				99DDE34F168B7B780071241C /* UIKit.framework in Frameworks */,
				99DDE351168B7B780071241C /* Foundation.framework in Frameworks */,
			);
			runOnlyForDeploymentPostprocessing = 0;
		};
/* End PBXFrameworksBuildPhase section */

/* Begin PBXGroup section */
		99DDE342168B7B780071241C = {
			isa = PBXGroup;
			children = (
				99DDE354168B7B780071241C /* DropboxBrowser */,
				99DDE34D168B7B780071241C /* Frameworks */,
				99DDE34C168B7B780071241C /* Products */,
			);
			sourceTree = "<group>";
		};
		99DDE34C168B7B780071241C /* Products */ = {
			isa = PBXGroup;
			children = (
				99DDE34B168B7B780071241C /* DropboxBrowser.app */,
			);
			name = Products;
			sourceTree = "<group>";
		};
		99DDE34D168B7B780071241C /* Frameworks */ = {
			isa = PBXGroup;
			children = (
				99DDE3AB168B7CC60071241C /* DropboxSDK.framework */,
				99DDE3B1168B83D70071241C /* AssetsLibrary.framework */,
				99DDE3AF168B7E090071241C /* QuartzCore.framework */,
				99DDE3AD168B7DFE0071241C /* Security.framework */,
				99DDE34E168B7B780071241C /* UIKit.framework */,
				99DDE350168B7B780071241C /* Foundation.framework */,
				99DDE352168B7B780071241C /* CoreGraphics.framework */,
			);
			name = Frameworks;
			sourceTree = "<group>";
		};
		99DDE354168B7B780071241C /* DropboxBrowser */ = {
			isa = PBXGroup;
			children = (
				99DDE38C168B7C030071241C /* DBBrowserViewController */,
				99DDE35D168B7B780071241C /* DBBAppDelegate.h */,
				99DDE35E168B7B780071241C /* DBBAppDelegate.m */,
				99DDE366168B7B780071241C /* MainStoryboard_iPhone.storyboard */,
				99DDE36C168B7B780071241C /* DBBViewController.h */,
				99DDE36D168B7B780071241C /* DBBViewController.m */,
				990EEF9D17F648FA00A657DB /* Images.xcassets */,
				99DDE355168B7B780071241C /* Supporting Files */,
			);
			path = DropboxBrowser;
			sourceTree = "<group>";
		};
		99DDE355168B7B780071241C /* Supporting Files */ = {
			isa = PBXGroup;
			children = (
				99DDE356168B7B780071241C /* DropboxBrowser-Info.plist */,
				99DDE357168B7B780071241C /* InfoPlist.strings */,
				99DDE35A168B7B780071241C /* main.m */,
				99DDE35C168B7B780071241C /* DropboxBrowser-Prefix.pch */,
			);
			name = "Supporting Files";
			sourceTree = "<group>";
		};
		99DDE38C168B7C030071241C /* DBBrowserViewController */ = {
			isa = PBXGroup;
			children = (
				99DDE39A168B7C190071241C /* DropboxBrowserViewController.h */,
				99DDE39B168B7C190071241C /* DropboxBrowserViewController.m */,
			);
			name = DBBrowserViewController;
			path = ..;
			sourceTree = "<group>";
		};
/* End PBXGroup section */

/* Begin PBXNativeTarget section */
		99DDE34A168B7B780071241C /* DropboxBrowser */ = {
			isa = PBXNativeTarget;
			buildConfigurationList = 99DDE386168B7B780071241C /* Build configuration list for PBXNativeTarget "DropboxBrowser" */;
			buildPhases = (
				99DDE347168B7B780071241C /* Sources */,
				99DDE348168B7B780071241C /* Frameworks */,
				99DDE349168B7B780071241C /* Resources */,
			);
			buildRules = (
			);
			dependencies = (
			);
			name = DropboxBrowser;
			productName = DropboxBrowser;
			productReference = 99DDE34B168B7B780071241C /* DropboxBrowser.app */;
			productType = "com.apple.product-type.application";
		};
/* End PBXNativeTarget section */

/* Begin PBXProject section */
		99DDE343168B7B780071241C /* Project object */ = {
			isa = PBXProject;
			attributes = {
				CLASSPREFIX = DBB;
				LastUpgradeCheck = 0460;
				ORGANIZATIONNAME = "iRare Media";
			};
			buildConfigurationList = 99DDE346168B7B780071241C /* Build configuration list for PBXProject "DropboxBrowser" */;
			compatibilityVersion = "Xcode 3.2";
			developmentRegion = English;
			hasScannedForEncodings = 0;
			knownRegions = (
				en,
			);
			mainGroup = 99DDE342168B7B780071241C;
			productRefGroup = 99DDE34C168B7B780071241C /* Products */;
			projectDirPath = "";
			projectRoot = "";
			targets = (
				99DDE34A168B7B780071241C /* DropboxBrowser */,
			);
		};
/* End PBXProject section */

/* Begin PBXResourcesBuildPhase section */
		99DDE349168B7B780071241C /* Resources */ = {
			isa = PBXResourcesBuildPhase;
			buildActionMask = 2147483647;
			files = (
				99DDE359168B7B780071241C /* InfoPlist.strings in Resources */,
				99DDE368168B7B780071241C /* MainStoryboard_iPhone.storyboard in Resources */,
				990EEF9E17F648FA00A657DB /* Images.xcassets in Resources */,
			);
			runOnlyForDeploymentPostprocessing = 0;
		};
/* End PBXResourcesBuildPhase section */

/* Begin PBXSourcesBuildPhase section */
		99DDE347168B7B780071241C /* Sources */ = {
			isa = PBXSourcesBuildPhase;
			buildActionMask = 2147483647;
			files = (
				99DDE35B168B7B780071241C /* main.m in Sources */,
				99DDE35F168B7B780071241C /* DBBAppDelegate.m in Sources */,
				99DDE36E168B7B780071241C /* DBBViewController.m in Sources */,
				99DDE3A9168B7C190071241C /* DropboxBrowserViewController.m in Sources */,
			);
			runOnlyForDeploymentPostprocessing = 0;
		};
/* End PBXSourcesBuildPhase section */

/* Begin PBXVariantGroup section */
		99DDE357168B7B780071241C /* InfoPlist.strings */ = {
			isa = PBXVariantGroup;
			children = (
				99DDE358168B7B780071241C /* en */,
			);
			name = InfoPlist.strings;
			sourceTree = "<group>";
		};
		99DDE366168B7B780071241C /* MainStoryboard_iPhone.storyboard */ = {
			isa = PBXVariantGroup;
			children = (
				99DDE367168B7B780071241C /* en */,
			);
			name = MainStoryboard_iPhone.storyboard;
			sourceTree = "<group>";
		};
/* End PBXVariantGroup section */

/* Begin XCBuildConfiguration section */
		99DDE384168B7B780071241C /* Debug */ = {
			isa = XCBuildConfiguration;
			buildSettings = {
				ALWAYS_SEARCH_USER_PATHS = NO;
				CLANG_CXX_LANGUAGE_STANDARD = "gnu++0x";
				CLANG_CXX_LIBRARY = "libc++";
				CLANG_ENABLE_OBJC_ARC = YES;
				CLANG_WARN_CONSTANT_CONVERSION = YES;
				CLANG_WARN_DEPRECATED_OBJC_IMPLEMENTATIONS = YES;
				CLANG_WARN_EMPTY_BODY = YES;
				CLANG_WARN_INT_CONVERSION = YES;
				CLANG_WARN__DUPLICATE_METHOD_MATCH = YES;
				"CODE_SIGN_IDENTITY[sdk=iphoneos*]" = "iPhone Developer";
				COPY_PHASE_STRIP = NO;
				GCC_C_LANGUAGE_STANDARD = gnu99;
				GCC_DYNAMIC_NO_PIC = NO;
				GCC_OPTIMIZATION_LEVEL = 0;
				GCC_PREPROCESSOR_DEFINITIONS = (
					"DEBUG=1",
					"$(inherited)",
				);
				GCC_SYMBOLS_PRIVATE_EXTERN = NO;
				GCC_WARN_ABOUT_RETURN_TYPE = YES;
				GCC_WARN_UNINITIALIZED_AUTOS = YES;
				GCC_WARN_UNUSED_VARIABLE = YES;
				IPHONEOS_DEPLOYMENT_TARGET = 7.0;
				ONLY_ACTIVE_ARCH = YES;
				SDKROOT = iphoneos;
				TARGETED_DEVICE_FAMILY = "1,2";
			};
			name = Debug;
		};
		99DDE385168B7B780071241C /* Release */ = {
			isa = XCBuildConfiguration;
			buildSettings = {
				ALWAYS_SEARCH_USER_PATHS = NO;
				CLANG_CXX_LANGUAGE_STANDARD = "gnu++0x";
				CLANG_CXX_LIBRARY = "libc++";
				CLANG_ENABLE_OBJC_ARC = YES;
				CLANG_WARN_CONSTANT_CONVERSION = YES;
				CLANG_WARN_DEPRECATED_OBJC_IMPLEMENTATIONS = YES;
				CLANG_WARN_EMPTY_BODY = YES;
				CLANG_WARN_INT_CONVERSION = YES;
				CLANG_WARN__DUPLICATE_METHOD_MATCH = YES;
				"CODE_SIGN_IDENTITY[sdk=iphoneos*]" = "iPhone Developer";
				COPY_PHASE_STRIP = YES;
				GCC_C_LANGUAGE_STANDARD = gnu99;
				GCC_WARN_ABOUT_RETURN_TYPE = YES;
				GCC_WARN_UNINITIALIZED_AUTOS = YES;
				GCC_WARN_UNUSED_VARIABLE = YES;
				IPHONEOS_DEPLOYMENT_TARGET = 7.0;
				OTHER_CFLAGS = "-DNS_BLOCK_ASSERTIONS=1";
				SDKROOT = iphoneos;
				TARGETED_DEVICE_FAMILY = "1,2";
				VALIDATE_PRODUCT = YES;
			};
			name = Release;
		};
		99DDE387168B7B780071241C /* Debug */ = {
			isa = XCBuildConfiguration;
			buildSettings = {
				ARCHS = "$(ARCHS_STANDARD_INCLUDING_64_BIT)";
				ASSETCATALOG_COMPILER_APPICON_NAME = AppIcon;
				ASSETCATALOG_COMPILER_LAUNCHIMAGE_NAME = LaunchImage;
				CODE_SIGN_IDENTITY = "iPhone Developer";
				"CODE_SIGN_IDENTITY[sdk=iphoneos*]" = "iPhone Developer";
				COMPRESS_PNG_FILES = YES;
				FRAMEWORK_SEARCH_PATHS = (
					"$(inherited)",
					"\"$(SRCROOT)\"",
				);
				GCC_PRECOMPILE_PREFIX_HEADER = YES;
				GCC_PREFIX_HEADER = "DropboxBrowser/DropboxBrowser-Prefix.pch";
				INFOPLIST_FILE = "DropboxBrowser/DropboxBrowser-Info.plist";
				IPHONEOS_DEPLOYMENT_TARGET = 7.0;
				ONLY_ACTIVE_ARCH = NO;
				PRODUCT_NAME = "$(TARGET_NAME)";
				TARGETED_DEVICE_FAMILY = 1;
				WRAPPER_EXTENSION = app;
			};
			name = Debug;
		};
		99DDE388168B7B780071241C /* Release */ = {
			isa = XCBuildConfiguration;
			buildSettings = {
				ARCHS = "$(ARCHS_STANDARD_INCLUDING_64_BIT)";
				ASSETCATALOG_COMPILER_APPICON_NAME = AppIcon;
				ASSETCATALOG_COMPILER_LAUNCHIMAGE_NAME = LaunchImage;
				CODE_SIGN_IDENTITY = "iPhone Developer";
				"CODE_SIGN_IDENTITY[sdk=iphoneos*]" = "iPhone Developer";
				COMPRESS_PNG_FILES = YES;
				FRAMEWORK_SEARCH_PATHS = (
					"$(inherited)",
					"\"$(SRCROOT)\"",
				);
				GCC_PRECOMPILE_PREFIX_HEADER = YES;
				GCC_PREFIX_HEADER = "DropboxBrowser/DropboxBrowser-Prefix.pch";
				INFOPLIST_FILE = "DropboxBrowser/DropboxBrowser-Info.plist";
				IPHONEOS_DEPLOYMENT_TARGET = 7.0;
				PRODUCT_NAME = "$(TARGET_NAME)";
				TARGETED_DEVICE_FAMILY = 1;
				WRAPPER_EXTENSION = app;
			};
			name = Release;
		};
/* End XCBuildConfiguration section */

/* Begin XCConfigurationList section */
		99DDE346168B7B780071241C /* Build configuration list for PBXProject "DropboxBrowser" */ = {
			isa = XCConfigurationList;
			buildConfigurations = (
				99DDE384168B7B780071241C /* Debug */,
				99DDE385168B7B780071241C /* Release */,
			);
			defaultConfigurationIsVisible = 0;
			defaultConfigurationName = Release;
		};
		99DDE386168B7B780071241C /* Build configuration list for PBXNativeTarget "DropboxBrowser" */ = {
			isa = XCConfigurationList;
			buildConfigurations = (
				99DDE387168B7B780071241C /* Debug */,
				99DDE388168B7B780071241C /* Release */,
			);
			defaultConfigurationIsVisible = 0;
			defaultConfigurationName = Release;
		};
/* End XCConfigurationList section */
	};
	rootObject = 99DDE343168B7B780071241C /* Project object */;
}
